{
  "version": 4,
  "terraform_version": "1.1.9",
  "serial": 1012,
  "lineage": "e37868b2-0083-3a31-6b15-f3eb09e344b0",
  "outputs": {
    "ec2instance": {
      "value": "3.36.85.28",
      "type": "string"
    },
    "ec2instance-logserver": {
      "value": "10.2.11.80",
      "type": "string"
    }
  },
  "resources": [
    {
      "mode": "data",
      "type": "aws_ami",
      "name": "amazon_linux",
      "provider": "provider[\"registry.terraform.io/hashicorp/aws\"]",
      "instances": [
        {
          "schema_version": 0,
          "attributes": {
            "architecture": "x86_64",
            "arn": "arn:aws:ec2:ap-northeast-2::image/ami-0195322846474ddb9",
            "block_device_mappings": [
              {
                "device_name": "/dev/xvda",
                "ebs": {
                  "delete_on_termination": "true",
                  "encrypted": "false",
                  "iops": "0",
                  "snapshot_id": "snap-01bc4f1dae06d9d13",
                  "throughput": "0",
                  "volume_size": "8",
                  "volume_type": "gp2"
                },
                "no_device": "",
                "virtual_name": ""
              }
            ],
            "boot_mode": "",
            "creation_date": "2022-04-28T21:39:50.000Z",
            "deprecation_time": "2024-04-28T21:39:50.000Z",
            "description": "Amazon Linux 2 AMI 2.0.20220426.0 x86_64 HVM gp2",
            "ena_support": true,
            "executable_users": null,
            "filter": [
              {
                "name": "name",
                "values": [
                  "amzn2-ami-hvm-2.0.*-x86_64-gp2"
                ]
              }
            ],
            "hypervisor": "xen",
            "id": "ami-0195322846474ddb9",
            "image_id": "ami-0195322846474ddb9",
            "image_location": "amazon/amzn2-ami-hvm-2.0.20220426.0-x86_64-gp2",
            "image_owner_alias": "amazon",
            "image_type": "machine",
            "kernel_id": "",
            "most_recent": true,
            "name": "amzn2-ami-hvm-2.0.20220426.0-x86_64-gp2",
            "name_regex": null,
            "owner_id": "137112412989",
            "owners": [
              "amazon"
            ],
            "platform": "",
            "platform_details": "Linux/UNIX",
            "product_codes": [],
            "public": true,
            "ramdisk_id": "",
            "root_device_name": "/dev/xvda",
            "root_device_type": "ebs",
            "root_snapshot_id": "snap-01bc4f1dae06d9d13",
            "sriov_net_support": "simple",
            "state": "available",
            "state_reason": {
              "code": "UNSET",
              "message": "UNSET"
            },
            "tags": {},
            "usage_operation": "RunInstances",
            "virtualization_type": "hvm"
          },
          "sensitive_attributes": []
        }
      ]
    },
    {
      "mode": "data",
      "type": "aws_availability_zones",
      "name": "available",
      "provider": "provider[\"registry.terraform.io/hashicorp/aws\"]",
      "instances": [
        {
          "schema_version": 0,
          "attributes": {
            "all_availability_zones": null,
            "exclude_names": [
              "ap-northeast-2b",
              "ap-northeast-2d"
            ],
            "exclude_zone_ids": null,
            "filter": null,
            "group_names": [
              "ap-northeast-2"
            ],
            "id": "ap-northeast-2",
            "names": [
              "ap-northeast-2a",
              "ap-northeast-2c"
            ],
            "state": null,
            "zone_ids": [
              "apne2-az1",
              "apne2-az3"
            ]
          },
          "sensitive_attributes": []
        }
      ]
    },
    {
      "mode": "data",
      "type": "aws_caller_identity",
      "name": "caller",
      "provider": "provider[\"registry.terraform.io/hashicorp/aws\"]",
      "instances": [
        {
          "schema_version": 0,
          "attributes": {
            "account_id": "807380035085",
            "arn": "arn:aws:iam::807380035085:user/dev-systems",
            "id": "807380035085",
            "user_id": "AIDA3X64ZUYG5XIVTCTEA"
          },
          "sensitive_attributes": []
        }
      ]
    },
    {
      "mode": "data",
      "type": "aws_iam_policy_document",
      "name": "allow_access_policy",
      "provider": "provider[\"registry.terraform.io/hashicorp/aws\"]",
      "instances": [
        {
          "schema_version": 0,
          "attributes": {
            "id": "2237832833",
            "json": "{\n  \"Version\": \"2012-10-17\",\n  \"Statement\": [\n    {\n      \"Sid\": \"\",\n      \"Effect\": \"Allow\",\n      \"Action\": [\n        \"s3:PutObject\",\n        \"s3:GetObject\"\n      ],\n      \"Resource\": [\n        \"arn:aws:s3:::systems-gateway-alb-log/logserver-alb/*\",\n        \"arn:aws:s3:::systems-gateway-alb-log\"\n      ],\n      \"Principal\": {\n        \"AWS\": \"807380035085\"\n      }\n    }\n  ]\n}",
            "override_json": null,
            "override_policy_documents": null,
            "policy_id": null,
            "source_json": null,
            "source_policy_documents": null,
            "statement": [
              {
                "actions": [
                  "s3:GetObject",
                  "s3:PutObject"
                ],
                "condition": [],
                "effect": "Allow",
                "not_actions": [],
                "not_principals": [],
                "not_resources": [],
                "principals": [
                  {
                    "identifiers": [
                      "807380035085"
                    ],
                    "type": "AWS"
                  }
                ],
                "resources": [
                  "arn:aws:s3:::systems-gateway-alb-log",
                  "arn:aws:s3:::systems-gateway-alb-log/logserver-alb/*"
                ],
                "sid": ""
              }
            ],
            "version": "2012-10-17"
          },
          "sensitive_attributes": []
        }
      ]
    },
    {
      "mode": "data",
      "type": "aws_partition",
      "name": "current",
      "provider": "provider[\"registry.terraform.io/hashicorp/aws\"]",
      "instances": [
        {
          "schema_version": 0,
          "attributes": {
            "dns_suffix": "amazonaws.com",
            "id": "aws",
            "partition": "aws",
            "reverse_dns_prefix": "com.amazonaws"
          },
          "sensitive_attributes": []
        }
      ]
    },
    {
      "mode": "data",
      "type": "tls_certificate",
      "name": "cluster",
      "provider": "provider[\"registry.terraform.io/hashicorp/tls\"]",
      "instances": [
        {
          "schema_version": 0,
          "attributes": {
            "certificates": [
              {
                "cert_pem": "-----BEGIN CERTIFICATE-----\nMIIEdTCCA12gAwIBAgIJAKcOSkw0grd/MA0GCSqGSIb3DQEBCwUAMGgxCzAJBgNV\nBAYTAlVTMSUwIwYDVQQKExxTdGFyZmllbGQgVGVjaG5vbG9naWVzLCBJbmMuMTIw\nMAYDVQQLEylTdGFyZmllbGQgQ2xhc3MgMiBDZXJ0aWZpY2F0aW9uIEF1dGhvcml0\neTAeFw0wOTA5MDIwMDAwMDBaFw0zNDA2MjgxNzM5MTZaMIGYMQswCQYDVQQGEwJV\nUzEQMA4GA1UECBMHQXJpem9uYTETMBEGA1UEBxMKU2NvdHRzZGFsZTElMCMGA1UE\nChMcU3RhcmZpZWxkIFRlY2hub2xvZ2llcywgSW5jLjE7MDkGA1UEAxMyU3RhcmZp\nZWxkIFNlcnZpY2VzIFJvb3QgQ2VydGlmaWNhdGUgQXV0aG9yaXR5IC0gRzIwggEi\nMA0GCSqGSIb3DQEBAQUAA4IBDwAwggEKAoIBAQDVDDrEKvlO4vW+GZdfjohTsR8/\ny8+fIBNtKTrID30892t2OGPZNmCom15cAICyL1l/9of5JUOG52kbUpqQ4XHj2C0N\nTm/2yEnZtvMaVq4rtnQU68/7JuMauh2WLmo7WJSJR1b/JaCTcFOD2oR0FMNnngRo\nOt+OQFodSk7PQ5E751bWAHDLUu57fa4657wx+UX2wmDPE1kCK4DMNEffud6QZW0C\nzyyRpqbn3oUYSXxmTqM6bam17jQuug0DuDPfR+uxa40l2ZvOgdFFRjKWcIfeAg5J\nQ4W2bHO7ZOphQazJ1FTfhy/HIrImzJ9ZVGif/L4qL8RVHHVAYBeFAlU5i38FAgMB\nAAGjgfAwge0wDwYDVR0TAQH/BAUwAwEB/zAOBgNVHQ8BAf8EBAMCAYYwHQYDVR0O\nBBYEFJxfAN+qAdcwKziIorhtSpzyEZGDMB8GA1UdIwQYMBaAFL9ft9HO3R+G9FtV\nrNzXEMIOqYjnME8GCCsGAQUFBwEBBEMwQTAcBggrBgEFBQcwAYYQaHR0cDovL28u\nc3MyLnVzLzAhBggrBgEFBQcwAoYVaHR0cDovL3guc3MyLnVzL3guY2VyMCYGA1Ud\nHwQfMB0wG6AZoBeGFWh0dHA6Ly9zLnNzMi51cy9yLmNybDARBgNVHSAECjAIMAYG\nBFUdIAAwDQYJKoZIhvcNAQELBQADggEBACMd44pXyn3pF3lM8R5V/cxTbj5HD9/G\nVfKyBDbtgB9TxF00KGu+x1X8Z+rLP3+QsjPNG1gQggL4+C/1E2DUBc7xgQjB3ad1\nl08YuW3e95ORCLp+QCztweq7dp4zBncdDQh/U90bZKuCJ/Fp1U1ervShw3WnWEQt\n8jxwmKy6abaVd38PMV4s/KCHOkdp8Hlf9BRUpJVeEXgSYCfOn8J3/yNTd126/+pZ\n59vPr5KW7ySaNRB6nJHGDn2Z9j8Z3/VyVOEVqQdZe4O/Ui5GjLIAZHYcSNPYeehu\nVsyuLAOQ1xk4meTKCRlb/weWsKh/NEnfVqn3sF/tM+2MR7cwA130A4w=\n-----END CERTIFICATE-----\n",
                "is_ca": true,
                "issuer": "OU=Starfield Class 2 Certification Authority,O=Starfield Technologies\\, Inc.,C=US",
                "not_after": "2034-06-28T17:39:16Z",
                "not_before": "2009-09-02T00:00:00Z",
                "public_key_algorithm": "RSA",
                "serial_number": "12037640545166866303",
                "sha1_fingerprint": "9e99a48a9960b14926bb7f3b02e22da2b0ab7280",
                "signature_algorithm": "SHA256-RSA",
                "subject": "CN=Starfield Services Root Certificate Authority - G2,O=Starfield Technologies\\, Inc.,L=Scottsdale,ST=Arizona,C=US",
                "version": 3
              },
              {
                "cert_pem": "-----BEGIN CERTIFICATE-----\nMIIEkjCCA3qgAwIBAgITBn+USionzfP6wq4rAfkI7rnExjANBgkqhkiG9w0BAQsF\nADCBmDELMAkGA1UEBhMCVVMxEDAOBgNVBAgTB0FyaXpvbmExEzARBgNVBAcTClNj\nb3R0c2RhbGUxJTAjBgNVBAoTHFN0YXJmaWVsZCBUZWNobm9sb2dpZXMsIEluYy4x\nOzA5BgNVBAMTMlN0YXJmaWVsZCBTZXJ2aWNlcyBSb290IENlcnRpZmljYXRlIEF1\ndGhvcml0eSAtIEcyMB4XDTE1MDUyNTEyMDAwMFoXDTM3MTIzMTAxMDAwMFowOTEL\nMAkGA1UEBhMCVVMxDzANBgNVBAoTBkFtYXpvbjEZMBcGA1UEAxMQQW1hem9uIFJv\nb3QgQ0EgMTCCASIwDQYJKoZIhvcNAQEBBQADggEPADCCAQoCggEBALJ4gHHKeNXj\nca9HgFB0fW7Y14h29Jlo91ghYPl0hAEvrAIthtOgQ3pOsqTQNroBvo3bSMgHFzZM\n9O6II8c+6zf1tRn4SWiw3te5djgdYZ6k/oI2peVKVuRF4fn9tBb6dNqcmzU5L/qw\nIFAGbHrQgLKm+a/sRxmPUDgH3KKHOVj4utWp+UhnMJbulHheb4mjUcAwhmahRWa6\nVOujw5H5SNz/0egwLX0tdHA114gk957EWW67c4cX8jJGKLhD+rcdqsq08p8kDi1L\n93FcXmn/6pUCyziKrlA4b9v7LWIbxcceVOF34GfID5yHI9Y/QCB/IIDEgEw+OyQm\njgSubJrIqg0CAwEAAaOCATEwggEtMA8GA1UdEwEB/wQFMAMBAf8wDgYDVR0PAQH/\nBAQDAgGGMB0GA1UdDgQWBBSEGMyFNOy8DJSULghZnMeyEE4KCDAfBgNVHSMEGDAW\ngBScXwDfqgHXMCs4iKK4bUqc8hGRgzB4BggrBgEFBQcBAQRsMGowLgYIKwYBBQUH\nMAGGImh0dHA6Ly9vY3NwLnJvb3RnMi5hbWF6b250cnVzdC5jb20wOAYIKwYBBQUH\nMAKGLGh0dHA6Ly9jcnQucm9vdGcyLmFtYXpvbnRydXN0LmNvbS9yb290ZzIuY2Vy\nMD0GA1UdHwQ2MDQwMqAwoC6GLGh0dHA6Ly9jcmwucm9vdGcyLmFtYXpvbnRydXN0\nLmNvbS9yb290ZzIuY3JsMBEGA1UdIAQKMAgwBgYEVR0gADANBgkqhkiG9w0BAQsF\nAAOCAQEAYjdCXLwQtT6LLOkMm2xF4gcAevnFWAu5CIw+7bMlPLVvUOTNNWqnkzSW\nMiGpSESrnO09tKpzbeR/FoCJbM8oAxiDR3mjEH4wW6w7sGDgd9QIpuEdfF7Au/ma\neyKdpwAJfqxGF4PcnCZXmTA5YpaP7dreqsXMGz7KQ2hsVxa81Q4gLv7/wmpdLqBK\nbRRYh5TmOTFffHPLkIhqhBGWJ6bt2YFGpn6jcgAKUj6DiAdjd4lpFw85hdKrCEVN\n0FE6/V1dN2RMfjCyVSRCnTawXZwXgWHxyvkQAiSr6w10kY17RSlQOYiypok1JR4U\nakcjMS9cmvqtmg5iUaQqqcT5NJ0hGA==\n-----END CERTIFICATE-----\n",
                "is_ca": true,
                "issuer": "CN=Starfield Services Root Certificate Authority - G2,O=Starfield Technologies\\, Inc.,L=Scottsdale,ST=Arizona,C=US",
                "not_after": "2037-12-31T01:00:00Z",
                "not_before": "2015-05-25T12:00:00Z",
                "public_key_algorithm": "RSA",
                "serial_number": "144918191876577076464031512351042010504348870",
                "sha1_fingerprint": "06b25927c42a721631c1efd9431e648fa62e1e39",
                "signature_algorithm": "SHA256-RSA",
                "subject": "CN=Amazon Root CA 1,O=Amazon,C=US",
                "version": 3
              },
              {
                "cert_pem": "-----BEGIN CERTIFICATE-----\nMIIESTCCAzGgAwIBAgITBn+UV4WH6Kx33rJTMlu8mYtWDTANBgkqhkiG9w0BAQsF\nADA5MQswCQYDVQQGEwJVUzEPMA0GA1UEChMGQW1hem9uMRkwFwYDVQQDExBBbWF6\nb24gUm9vdCBDQSAxMB4XDTE1MTAyMjAwMDAwMFoXDTI1MTAxOTAwMDAwMFowRjEL\nMAkGA1UEBhMCVVMxDzANBgNVBAoTBkFtYXpvbjEVMBMGA1UECxMMU2VydmVyIENB\nIDFCMQ8wDQYDVQQDEwZBbWF6b24wggEiMA0GCSqGSIb3DQEBAQUAA4IBDwAwggEK\nAoIBAQDCThZn3c68asg3Wuw6MLAd5tES6BIoSMzoKcG5blPVo+sDORrMd4f2AbnZ\ncMzPa43j4wNxhplty6aUKk4T1qe9BOwKFjwK6zmxxLVYo7bHViXsPlJ6qOMpFge5\nblDP+18x+B26A0piiQOuPkfyDyeR4xQghfj66Yo19V+emU3nazfvpFA+ROz6WoVm\nB5x+F2pV8xeKNR7u6azDdU5YVX1TawprmxRC1+WsAYmz6qP+z8ArDITC2FMVy2fw\n0IjKOtEXc/VfmtTFch5+AfGYMGMqqvJ6LcXiAhqG5TI+Dr0RtM88k+8XUBCeQ8IG\nKuANaL7TiItKZYxK1MMuTJtV9IblAgMBAAGjggE7MIIBNzASBgNVHRMBAf8ECDAG\nAQH/AgEAMA4GA1UdDwEB/wQEAwIBhjAdBgNVHQ4EFgQUWaRmBlKge5WSPKOUByeW\ndFv5PdAwHwYDVR0jBBgwFoAUhBjMhTTsvAyUlC4IWZzHshBOCggwewYIKwYBBQUH\nAQEEbzBtMC8GCCsGAQUFBzABhiNodHRwOi8vb2NzcC5yb290Y2ExLmFtYXpvbnRy\ndXN0LmNvbTA6BggrBgEFBQcwAoYuaHR0cDovL2NydC5yb290Y2ExLmFtYXpvbnRy\ndXN0LmNvbS9yb290Y2ExLmNlcjA/BgNVHR8EODA2MDSgMqAwhi5odHRwOi8vY3Js\nLnJvb3RjYTEuYW1hem9udHJ1c3QuY29tL3Jvb3RjYTEuY3JsMBMGA1UdIAQMMAow\nCAYGZ4EMAQIBMA0GCSqGSIb3DQEBCwUAA4IBAQCFkr41u3nPo4FCHOTjY3NTOVI1\n59Gt/a6ZiqyJEi+752+a1U5y6iAwYfmXss2lJwJFqMp2PphKg5625kXg8kP2CN5t\n6G7bMQcT8C8xDZNtYTd7WPD8UZiRKAJPBXa30/AbwuZe0GaFEQ8ugcYQgSn+IGBI\n8/LwhBNTZTUVEWuCUUBVV18YtbAiPq3yXqMB48Oz+ctBWuZSkbvkNodPLamkB2g1\nupRyzQ7qDn1X8nn8N8V7YJ6y68AtkHcNSRAnpTitxBKjtKPISLMVCx7i4hncxHZS\nyLyKQXhw2W2Xs0qLeC1etA+jTGDK4UfLeC0SF7FSi8o5LL21L8IzApar2pR/\n-----END CERTIFICATE-----\n",
                "is_ca": true,
                "issuer": "CN=Amazon Root CA 1,O=Amazon,C=US",
                "not_after": "2025-10-19T00:00:00Z",
                "not_before": "2015-10-22T00:00:00Z",
                "public_key_algorithm": "RSA",
                "serial_number": "144918209630989264145272943054026349679957517",
                "sha1_fingerprint": "917e732d330f9a12404f73d8bea36948b929dffc",
                "signature_algorithm": "SHA256-RSA",
                "subject": "CN=Amazon,OU=Server CA 1B,O=Amazon,C=US",
                "version": 3
              },
              {
                "cert_pem": "-----BEGIN CERTIFICATE-----\nMIIGBDCCBOygAwIBAgIQCneydd7qXdM9F747ypOYmDANBgkqhkiG9w0BAQsFADBG\nMQswCQYDVQQGEwJVUzEPMA0GA1UEChMGQW1hem9uMRUwEwYDVQQLEwxTZXJ2ZXIg\nQ0EgMUIxDzANBgNVBAMTBkFtYXpvbjAeFw0yMjA1MTMwMDAwMDBaFw0yMzA2MTEy\nMzU5NTlaMDAxLjAsBgNVBAMTJW9pZGMuZWtzLmFwLW5vcnRoZWFzdC0yLmFtYXpv\nbmF3cy5jb20wggEiMA0GCSqGSIb3DQEBAQUAA4IBDwAwggEKAoIBAQDWICnYVH4Q\nK/uOqyi74Ti0sUcL6xrBjtBI75VmK2EdPjE/Ef4JCQQdW2792joDjElUIFYOH2Od\n0mpHRbz6+lNaeoSznflY1YIzJjO2VZoqV/XtILiR/u2CbvszmuUVDgOx4fh1Bfom\nnHXbYTjQtffP9USp1cvgoyPhkSV3m5I267zqIo9bUwmAikPSHFEIX4svWnedDb+V\nU1WM1tdiRob5i4xFj7GzJi7C4TDQxG53KVpwnKWUtK9TJt20Haagy3bQnvNVuqlX\nepUBR4EhIFJNHoUujuASl7O1K0XsWJZRelpOqZfF/+4aLLaGt0yPMCEH+0KDdC+R\nnAU6OkjHEmH9AgMBAAGjggMCMIIC/jAfBgNVHSMEGDAWgBRZpGYGUqB7lZI8o5QH\nJ5Z0W/k90DAdBgNVHQ4EFgQUKbfpHGuOyp5prrJ/GidZ2w4JREYwMAYDVR0RBCkw\nJ4Ilb2lkYy5la3MuYXAtbm9ydGhlYXN0LTIuYW1hem9uYXdzLmNvbTAOBgNVHQ8B\nAf8EBAMCBaAwHQYDVR0lBBYwFAYIKwYBBQUHAwEGCCsGAQUFBwMCMD0GA1UdHwQ2\nMDQwMqAwoC6GLGh0dHA6Ly9jcmwuc2NhMWIuYW1hem9udHJ1c3QuY29tL3NjYTFi\nLTEuY3JsMBMGA1UdIAQMMAowCAYGZ4EMAQIBMHUGCCsGAQUFBwEBBGkwZzAtBggr\nBgEFBQcwAYYhaHR0cDovL29jc3Auc2NhMWIuYW1hem9udHJ1c3QuY29tMDYGCCsG\nAQUFBzAChipodHRwOi8vY3J0LnNjYTFiLmFtYXpvbnRydXN0LmNvbS9zY2ExYi5j\ncnQwDAYDVR0TAQH/BAIwADCCAYAGCisGAQQB1nkCBAIEggFwBIIBbAFqAHcA6D7Q\n2j71BjUy51covIlryQPTy9ERa+zraeF3fW0GvW4AAAGAushJUgAABAMASDBGAiEA\nydVYJeFgogSHFf+m50hLLh4wbpVlLt6PcYpyaDB5bPgCIQCnajdTxIgh0BAbR0Pd\n8sOOn8A0yncN3aNOipt8g/CtbAB2ADXPGRu/sWxXvw+tTG1Cy7u2JyAmUeo/4Srv\nqAPDO9ZMAAABgLrISXQAAAQDAEcwRQIgOVy4O21h69slBz1WZO3RWaOJt3TY6JLG\nYEVsRVuPsGgCIQDPeqXU/0EMLibFwWzWyDHhnU5jR+uU0A09tqptd7UYLQB3ALc+\n+yTfnE26dfI5xbpY9Gxd/ELPep81xJ4dCYEl7bSZAAABgLrISWsAAAQDAEgwRgIh\nAJlJP38syboeJN1B2WtgMU8YhdrJ97Za3bAHZJAVmn06AiEAk5gZurPO9ztpuTy2\nil4cUrzu8WXQ6nimVe/ttE0NyuYwDQYJKoZIhvcNAQELBQADggEBABp058JXy2ZV\nS9OEr7XS83lG6TMmQmc+Vi/dAWyoi4gsipaPHD8dBE1MevW5P16YVa/46/OzSHkn\nBDz7oJCCtRNyWlO6H3JqprPUzDG2nGQ7/eSFlkwMPgzjfRR23OB4zl7+oNmWo5NI\nVKqwUuTXzPSv5DPQMs+zpd0lOVt5GXCmR74hiMaH1fsZCr7BJ9Vo4i1L9UApqFMI\nS4t567WYkNL7jWcdg3SEYC3zKoMqmsAQa7s02bXWiQMDVf1pariAdLH7oB6EpbO/\nEIJTMon4Hpa1GvCjlleM3iCqIodOZuaOs3zR75CeJj0KSea6e4kw5F0RN6kKFKDi\nIdUKcGOx02c=\n-----END CERTIFICATE-----\n",
                "is_ca": false,
                "issuer": "CN=Amazon,OU=Server CA 1B,O=Amazon,C=US",
                "not_after": "2023-06-11T23:59:59Z",
                "not_before": "2022-05-13T00:00:00Z",
                "public_key_algorithm": "RSA",
                "serial_number": "13913782891608271281972691959643609240",
                "sha1_fingerprint": "78671c125375bf74f21bba0aa08c5ecf1d437b1e",
                "signature_algorithm": "SHA256-RSA",
                "subject": "CN=oidc.eks.ap-northeast-2.amazonaws.com",
                "version": 3
              }
            ],
            "content": null,
            "id": "518f73269712cd7901b927307b1aff1d27914ed5",
            "url": "https://oidc.eks.ap-northeast-2.amazonaws.com/id/50BD6A5EF52FA9721B3A780D19AF9C49",
            "verify_chain": true
          },
          "sensitive_attributes": []
        }
      ]
    },
    {
      "mode": "managed",
      "type": "aws_alb",
      "name": "systems-dev-logserver-alb",
      "provider": "provider[\"registry.terraform.io/hashicorp/aws\"]",
      "instances": [
        {
          "status": "tainted",
          "schema_version": 0,
          "attributes": {
            "access_logs": [
              {
                "bucket": "systems-gateway-alb-log",
                "enabled": true,
                "prefix": "logserver-alb"
              }
            ],
            "arn": null,
            "arn_suffix": null,
            "customer_owned_ipv4_pool": null,
            "desync_mitigation_mode": "defensive",
            "dns_name": null,
            "drop_invalid_header_fields": false,
            "enable_cross_zone_load_balancing": null,
            "enable_deletion_protection": false,
            "enable_http2": true,
            "enable_waf_fail_open": false,
            "id": "arn:aws:elasticloadbalancing:ap-northeast-2:807380035085:loadbalancer/app/systems-dev-logserver-alb/3674495ecd97c2bd",
            "idle_timeout": 60,
            "internal": false,
            "ip_address_type": null,
            "load_balancer_type": "application",
            "name": "systems-dev-logserver-alb",
            "name_prefix": null,
            "security_groups": [
              "sg-0acecbe47b7bd6130"
            ],
            "subnet_mapping": [],
            "subnets": [
              "subnet-0291f7df162a01c34",
              "subnet-04b370fb62ee7869c"
            ],
            "tags": {
              "Name": "systems-dev-logserver-alb",
              "Service": "systems-dev-logserver"
            },
            "tags_all": {
              "Name": "systems-dev-logserver-alb",
              "Service": "systems-dev-logserver"
            },
            "timeouts": null,
            "vpc_id": null,
            "zone_id": null
          },
          "sensitive_attributes": [],
          "private": "eyJlMmJmYjczMC1lY2FhLTExZTYtOGY4OC0zNDM2M2JjN2M0YzAiOnsiY3JlYXRlIjo2MDAwMDAwMDAwMDAsImRlbGV0ZSI6NjAwMDAwMDAwMDAwLCJ1cGRhdGUiOjYwMDAwMDAwMDAwMH19",
          "dependencies": [
            "aws_s3_bucket.s3-alb",
            "aws_security_group.systems-dev-logserver-alb-sg",
            "aws_subnet.systems_dev_private_subnet1",
            "aws_subnet.systems_dev_private_subnet2",
            "aws_vpc.systems_eks_vpc",
            "data.aws_availability_zones.available"
          ]
        }
      ]
    },
    {
      "mode": "managed",
      "type": "aws_alb_listener",
      "name": "grafana-http",
      "provider": "provider[\"registry.terraform.io/hashicorp/aws\"]",
      "instances": []
    },
    {
      "mode": "managed",
      "type": "aws_alb_listener",
      "name": "kibana-http",
      "provider": "provider[\"registry.terraform.io/hashicorp/aws\"]",
      "instances": []
    },
    {
      "mode": "managed",
      "type": "aws_alb_listener",
      "name": "prometheus-http",
      "provider": "provider[\"registry.terraform.io/hashicorp/aws\"]",
      "instances": []
    },
    {
      "mode": "managed",
      "type": "aws_alb_target_group",
      "name": "grafana-server",
      "provider": "provider[\"registry.terraform.io/hashicorp/aws\"]",
      "instances": [
        {
          "schema_version": 0,
          "attributes": {
            "arn": "arn:aws:elasticloadbalancing:ap-northeast-2:807380035085:targetgroup/grafana-server-target-group/47dd6d808604e223",
            "arn_suffix": "targetgroup/grafana-server-target-group/47dd6d808604e223",
            "connection_termination": false,
            "deregistration_delay": "300",
            "health_check": [
              {
                "enabled": true,
                "healthy_threshold": 3,
                "interval": 30,
                "matcher": "200",
                "path": "/",
                "port": "traffic-port",
                "protocol": "HTTP",
                "timeout": 5,
                "unhealthy_threshold": 3
              }
            ],
            "id": "arn:aws:elasticloadbalancing:ap-northeast-2:807380035085:targetgroup/grafana-server-target-group/47dd6d808604e223",
            "lambda_multi_value_headers_enabled": false,
            "load_balancing_algorithm_type": "round_robin",
            "name": "grafana-server-target-group",
            "name_prefix": null,
            "port": 3000,
            "preserve_client_ip": null,
            "protocol": "HTTP",
            "protocol_version": "HTTP1",
            "proxy_protocol_v2": false,
            "slow_start": 0,
            "stickiness": [
              {
                "cookie_duration": 86400,
                "cookie_name": "",
                "enabled": false,
                "type": "lb_cookie"
              }
            ],
            "tags": {
              "Name": "Grafana Server Target Group"
            },
            "tags_all": {
              "Name": "Grafana Server Target Group"
            },
            "target_type": "instance",
            "vpc_id": "vpc-0c46c80eb059ca036"
          },
          "sensitive_attributes": [],
          "private": "bnVsbA==",
          "dependencies": [
            "aws_vpc.systems_eks_vpc"
          ]
        }
      ]
    },
    {
      "mode": "managed",
      "type": "aws_alb_target_group",
      "name": "kibana-server",
      "provider": "provider[\"registry.terraform.io/hashicorp/aws\"]",
      "instances": [
        {
          "schema_version": 0,
          "attributes": {
            "arn": "arn:aws:elasticloadbalancing:ap-northeast-2:807380035085:targetgroup/kibana-server-target-group/87050ca9c3ce3716",
            "arn_suffix": "targetgroup/kibana-server-target-group/87050ca9c3ce3716",
            "connection_termination": false,
            "deregistration_delay": "300",
            "health_check": [
              {
                "enabled": true,
                "healthy_threshold": 3,
                "interval": 30,
                "matcher": "200",
                "path": "/",
                "port": "traffic-port",
                "protocol": "HTTP",
                "timeout": 5,
                "unhealthy_threshold": 3
              }
            ],
            "id": "arn:aws:elasticloadbalancing:ap-northeast-2:807380035085:targetgroup/kibana-server-target-group/87050ca9c3ce3716",
            "lambda_multi_value_headers_enabled": false,
            "load_balancing_algorithm_type": "round_robin",
            "name": "kibana-server-target-group",
            "name_prefix": null,
            "port": 5601,
            "preserve_client_ip": null,
            "protocol": "HTTP",
            "protocol_version": "HTTP1",
            "proxy_protocol_v2": false,
            "slow_start": 0,
            "stickiness": [
              {
                "cookie_duration": 86400,
                "cookie_name": "",
                "enabled": false,
                "type": "lb_cookie"
              }
            ],
            "tags": {
              "Name": "Kibana Server Target Group"
            },
            "tags_all": {
              "Name": "Kibana Server Target Group"
            },
            "target_type": "instance",
            "vpc_id": "vpc-0c46c80eb059ca036"
          },
          "sensitive_attributes": [],
          "private": "bnVsbA==",
          "dependencies": [
            "aws_vpc.systems_eks_vpc"
          ]
        }
      ]
    },
    {
      "mode": "managed",
      "type": "aws_alb_target_group",
      "name": "prometheus-server",
      "provider": "provider[\"registry.terraform.io/hashicorp/aws\"]",
      "instances": [
        {
          "schema_version": 0,
          "attributes": {
            "arn": "arn:aws:elasticloadbalancing:ap-northeast-2:807380035085:targetgroup/prometheus-server-target-group/0d6d4e964661c21b",
            "arn_suffix": "targetgroup/prometheus-server-target-group/0d6d4e964661c21b",
            "connection_termination": false,
            "deregistration_delay": "300",
            "health_check": [
              {
                "enabled": true,
                "healthy_threshold": 3,
                "interval": 30,
                "matcher": "200",
                "path": "/",
                "port": "traffic-port",
                "protocol": "HTTP",
                "timeout": 5,
                "unhealthy_threshold": 3
              }
            ],
            "id": "arn:aws:elasticloadbalancing:ap-northeast-2:807380035085:targetgroup/prometheus-server-target-group/0d6d4e964661c21b",
            "lambda_multi_value_headers_enabled": false,
            "load_balancing_algorithm_type": "round_robin",
            "name": "prometheus-server-target-group",
            "name_prefix": null,
            "port": 9100,
            "preserve_client_ip": null,
            "protocol": "HTTP",
            "protocol_version": "HTTP1",
            "proxy_protocol_v2": false,
            "slow_start": 0,
            "stickiness": [
              {
                "cookie_duration": 86400,
                "cookie_name": "",
                "enabled": false,
                "type": "lb_cookie"
              }
            ],
            "tags": {
              "Name": "Prometheus Server Target Group"
            },
            "tags_all": {
              "Name": "Prometheus Server Target Group"
            },
            "target_type": "instance",
            "vpc_id": "vpc-0c46c80eb059ca036"
          },
          "sensitive_attributes": [],
          "private": "bnVsbA==",
          "dependencies": [
            "aws_vpc.systems_eks_vpc"
          ]
        }
      ]
    },
    {
      "mode": "managed",
      "type": "aws_alb_target_group_attachment",
      "name": "grafana-server",
      "provider": "provider[\"registry.terraform.io/hashicorp/aws\"]",
      "instances": [
        {
          "schema_version": 0,
          "attributes": {
            "availability_zone": null,
            "id": "arn:aws:elasticloadbalancing:ap-northeast-2:807380035085:targetgroup/grafana-server-target-group/47dd6d808604e223-2022052311262283460000000e",
            "port": 3000,
            "target_group_arn": "arn:aws:elasticloadbalancing:ap-northeast-2:807380035085:targetgroup/grafana-server-target-group/47dd6d808604e223",
            "target_id": "i-0800eeb2c975da73b"
          },
          "sensitive_attributes": [],
          "private": "bnVsbA==",
          "dependencies": [
            "aws_alb_target_group.grafana-server",
            "aws_default_security_group.systems_dev_default_sg",
            "aws_instance.systems_dev_logserver_instance",
            "aws_security_group.systems_dev_logserver_sg",
            "aws_subnet.systems_dev_private_subnet2",
            "aws_vpc.systems_eks_vpc",
            "data.aws_ami.amazon_linux",
            "data.aws_availability_zones.available"
          ]
        }
      ]
    },
    {
      "mode": "managed",
      "type": "aws_alb_target_group_attachment",
      "name": "kibana-server",
      "provider": "provider[\"registry.terraform.io/hashicorp/aws\"]",
      "instances": [
        {
          "schema_version": 0,
          "attributes": {
            "availability_zone": null,
            "id": "arn:aws:elasticloadbalancing:ap-northeast-2:807380035085:targetgroup/kibana-server-target-group/87050ca9c3ce3716-2022052311262283420000000d",
            "port": 5601,
            "target_group_arn": "arn:aws:elasticloadbalancing:ap-northeast-2:807380035085:targetgroup/kibana-server-target-group/87050ca9c3ce3716",
            "target_id": "i-0800eeb2c975da73b"
          },
          "sensitive_attributes": [],
          "private": "bnVsbA==",
          "dependencies": [
            "aws_alb_target_group.kibana-server",
            "aws_default_security_group.systems_dev_default_sg",
            "aws_instance.systems_dev_logserver_instance",
            "aws_security_group.systems_dev_logserver_sg",
            "aws_subnet.systems_dev_private_subnet2",
            "aws_vpc.systems_eks_vpc",
            "data.aws_ami.amazon_linux",
            "data.aws_availability_zones.available"
          ]
        }
      ]
    },
    {
      "mode": "managed",
      "type": "aws_alb_target_group_attachment",
      "name": "prometheus-server",
      "provider": "provider[\"registry.terraform.io/hashicorp/aws\"]",
      "instances": [
        {
          "schema_version": 0,
          "attributes": {
            "availability_zone": null,
            "id": "arn:aws:elasticloadbalancing:ap-northeast-2:807380035085:targetgroup/prometheus-server-target-group/0d6d4e964661c21b-2022052311262278290000000c",
            "port": 9100,
            "target_group_arn": "arn:aws:elasticloadbalancing:ap-northeast-2:807380035085:targetgroup/prometheus-server-target-group/0d6d4e964661c21b",
            "target_id": "i-0800eeb2c975da73b"
          },
          "sensitive_attributes": [],
          "private": "bnVsbA==",
          "dependencies": [
            "aws_alb_target_group.prometheus-server",
            "aws_default_security_group.systems_dev_default_sg",
            "aws_instance.systems_dev_logserver_instance",
            "aws_security_group.systems_dev_logserver_sg",
            "aws_subnet.systems_dev_private_subnet2",
            "aws_vpc.systems_eks_vpc",
            "data.aws_ami.amazon_linux",
            "data.aws_availability_zones.available"
          ]
        }
      ]
    },
    {
      "mode": "managed",
      "type": "aws_default_network_acl",
      "name": "systems_dev_default_acl",
      "provider": "provider[\"registry.terraform.io/hashicorp/aws\"]",
      "instances": [
        {
          "schema_version": 0,
          "attributes": {
            "arn": "arn:aws:ec2:ap-northeast-2:807380035085:network-acl/acl-08a287eb18e271dec",
            "default_network_acl_id": "acl-08a287eb18e271dec",
            "egress": [
              {
                "action": "allow",
                "cidr_block": "0.0.0.0/0",
                "from_port": 0,
                "icmp_code": null,
                "icmp_type": null,
                "ipv6_cidr_block": "",
                "protocol": "-1",
                "rule_no": 100,
                "to_port": 0
              }
            ],
            "id": "acl-08a287eb18e271dec",
            "ingress": [
              {
                "action": "allow",
                "cidr_block": "0.0.0.0/0",
                "from_port": 0,
                "icmp_code": null,
                "icmp_type": null,
                "ipv6_cidr_block": "",
                "protocol": "-1",
                "rule_no": 100,
                "to_port": 0
              }
            ],
            "owner_id": "807380035085",
            "subnet_ids": [
              "subnet-0291f7df162a01c34",
              "subnet-0b29202ac2881093e"
            ],
            "tags": {
              "Name": "default"
            },
            "tags_all": {
              "Name": "default"
            },
            "vpc_id": "vpc-0c46c80eb059ca036"
          },
          "sensitive_attributes": [],
          "private": "bnVsbA==",
          "dependencies": [
            "aws_vpc.systems_eks_vpc"
          ]
        }
      ]
    },
    {
      "mode": "managed",
      "type": "aws_default_route_table",
      "name": "systems_eks_vpc",
      "provider": "provider[\"registry.terraform.io/hashicorp/aws\"]",
      "instances": [
        {
          "schema_version": 0,
          "attributes": {
            "arn": "arn:aws:ec2:ap-northeast-2:807380035085:route-table/rtb-0f1ca11c586ce2bb9",
            "default_route_table_id": "rtb-0f1ca11c586ce2bb9",
            "id": "rtb-0f1ca11c586ce2bb9",
            "owner_id": "807380035085",
            "propagating_vgws": null,
            "route": [],
            "tags": {
              "Name": "default"
            },
            "tags_all": {
              "Name": "default"
            },
            "timeouts": null,
            "vpc_id": "vpc-0c46c80eb059ca036"
          },
          "sensitive_attributes": [],
          "private": "eyJlMmJmYjczMC1lY2FhLTExZTYtOGY4OC0zNDM2M2JjN2M0YzAiOnsiY3JlYXRlIjoxMjAwMDAwMDAwMDAsInVwZGF0ZSI6MTIwMDAwMDAwMDAwfX0=",
          "dependencies": [
            "aws_vpc.systems_eks_vpc"
          ]
        }
      ]
    },
    {
      "mode": "managed",
      "type": "aws_default_security_group",
      "name": "systems_dev_default_sg",
      "provider": "provider[\"registry.terraform.io/hashicorp/aws\"]",
      "instances": [
        {
          "schema_version": 1,
          "attributes": {
            "arn": "arn:aws:ec2:ap-northeast-2:807380035085:security-group/sg-01caef59793e04071",
            "description": "default VPC security group",
            "egress": [
              {
                "cidr_blocks": [
                  "0.0.0.0/0"
                ],
                "description": "",
                "from_port": 0,
                "ipv6_cidr_blocks": [],
                "prefix_list_ids": [],
                "protocol": "-1",
                "security_groups": [],
                "self": false,
                "to_port": 0
              }
            ],
            "id": "sg-01caef59793e04071",
            "ingress": [
              {
                "cidr_blocks": [],
                "description": "",
                "from_port": 0,
                "ipv6_cidr_blocks": [],
                "prefix_list_ids": [],
                "protocol": "-1",
                "security_groups": [],
                "self": true,
                "to_port": 0
              }
            ],
            "name": "default",
            "owner_id": "807380035085",
            "revoke_rules_on_delete": false,
            "tags": {
              "Name": "default"
            },
            "tags_all": {
              "Name": "default"
            },
            "vpc_id": "vpc-0c46c80eb059ca036"
          },
          "sensitive_attributes": [],
          "private": "eyJzY2hlbWFfdmVyc2lvbiI6IjEifQ==",
          "dependencies": [
            "aws_vpc.systems_eks_vpc"
          ]
        }
      ]
    },
    {
      "mode": "managed",
      "type": "aws_eip",
      "name": "systems_dev_bastion_instance_eip",
      "provider": "provider[\"registry.terraform.io/hashicorp/aws\"]",
      "instances": [
        {
          "schema_version": 0,
          "attributes": {
            "address": null,
            "allocation_id": "eipalloc-067ec2c1aa4753181",
            "associate_with_private_ip": null,
            "association_id": "eipassoc-07c07549a60c92817",
            "carrier_ip": "",
            "customer_owned_ip": "",
            "customer_owned_ipv4_pool": "",
            "domain": "vpc",
            "id": "eipalloc-067ec2c1aa4753181",
            "instance": "i-0d5a5161ba100ec4c",
            "network_border_group": "ap-northeast-2",
            "network_interface": "eni-0f776b97409372a8d",
            "private_dns": "ip-10-2-1-217.ap-northeast-2.compute.internal",
            "private_ip": "10.2.1.217",
            "public_dns": "ec2-3-37-144-190.ap-northeast-2.compute.amazonaws.com",
            "public_ip": "3.37.144.190",
            "public_ipv4_pool": "amazon",
            "tags": null,
            "tags_all": {},
            "timeouts": null,
            "vpc": true
          },
          "sensitive_attributes": [],
          "private": "eyJlMmJmYjczMC1lY2FhLTExZTYtOGY4OC0zNDM2M2JjN2M0YzAiOnsiZGVsZXRlIjoxODAwMDAwMDAwMDAsInJlYWQiOjkwMDAwMDAwMDAwMCwidXBkYXRlIjozMDAwMDAwMDAwMDB9fQ==",
          "dependencies": [
            "aws_default_security_group.systems_dev_default_sg",
            "aws_instance.systems_dev_bastion_instance",
            "aws_internet_gateway.systems_dev_igw",
            "aws_security_group.systems_dev_bastion_sg",
            "aws_subnet.systems_dev_public_subnet1",
            "aws_vpc.systems_eks_vpc",
            "data.aws_ami.amazon_linux",
            "data.aws_availability_zones.available"
          ]
        }
      ]
    },
    {
      "mode": "managed",
      "type": "aws_eip",
      "name": "systems_dev_nat_eip",
      "provider": "provider[\"registry.terraform.io/hashicorp/aws\"]",
      "instances": [
        {
          "schema_version": 0,
          "attributes": {
            "address": null,
            "allocation_id": "eipalloc-0fbf55034fd231e5b",
            "associate_with_private_ip": null,
            "association_id": "",
            "carrier_ip": "",
            "customer_owned_ip": "",
            "customer_owned_ipv4_pool": "",
            "domain": "vpc",
            "id": "eipalloc-0fbf55034fd231e5b",
            "instance": "",
            "network_border_group": "ap-northeast-2",
            "network_interface": "",
            "private_dns": null,
            "private_ip": "",
            "public_dns": "ec2-3-37-25-13.ap-northeast-2.compute.amazonaws.com",
            "public_ip": "3.37.25.13",
            "public_ipv4_pool": "amazon",
            "tags": null,
            "tags_all": {},
            "timeouts": null,
            "vpc": true
          },
          "sensitive_attributes": [],
          "private": "eyJlMmJmYjczMC1lY2FhLTExZTYtOGY4OC0zNDM2M2JjN2M0YzAiOnsiZGVsZXRlIjoxODAwMDAwMDAwMDAsInJlYWQiOjkwMDAwMDAwMDAwMCwidXBkYXRlIjozMDAwMDAwMDAwMDB9fQ==",
          "dependencies": [
            "aws_internet_gateway.systems_dev_igw",
            "aws_vpc.systems_eks_vpc"
          ]
        }
      ]
    },
    {
      "mode": "managed",
      "type": "aws_eks_cluster",
      "name": "systems-eks-cluster",
      "provider": "provider[\"registry.terraform.io/hashicorp/aws\"]",
      "instances": [
        {
          "schema_version": 0,
          "attributes": {
            "arn": "arn:aws:eks:ap-northeast-2:807380035085:cluster/systems-eks-cluster",
            "certificate_authority": [
              {
                "data": "LS0tLS1CRUdJTiBDRVJUSUZJQ0FURS0tLS0tCk1JSUM1ekNDQWMrZ0F3SUJBZ0lCQURBTkJna3Foa2lHOXcwQkFRc0ZBREFWTVJNd0VRWURWUVFERXdwcmRXSmwKY201bGRHVnpNQjRYRFRJeU1EVXlNekV4TXpFMU5Gb1hEVE15TURVeU1ERXhNekUxTkZvd0ZURVRNQkVHQTFVRQpBeE1LYTNWaVpYSnVaWFJsY3pDQ0FTSXdEUVlKS29aSWh2Y05BUUVCQlFBRGdnRVBBRENDQVFvQ2dnRUJBTFhJClA2RHVkSXNuT3BNNm9WbEdSOGE5d1E1VjFVU243K01xM0tMcjlKcnVsd1Y3TC9VTFRaOWV1YWlqQndUbDN3ci8KWHU1clFQbzZZVDRpenNpcSt0S1locDR5OHc2M01tdE90eTRQT3hFc0k5ZEplT21sMFZacjRmTytwNjk1U1RLYwpSSUVwWnVzWG9SNDFIMitVZWFQU1E2SVpjREpkeGh4emdHaC9aNzQvSW5aQUVyNTVRQTYzZjlDUEkvcnlFTkVLClZGaU5aNGV0S1FMSHlOdS95akF1dm1wMGRzZ3VVeUZFR2loQkV1bTRFL1NxMEw4OEw5NE84Q2pSNXhxbUY1NVAKR1k1aEtZVnNybjdoR3BVd3k2SCtSWXJmcG9UL1lNdDNzZytHdmJZN0xRSHl3RFRUdkJkQTRIV0VzYUdVaW80SQpmMGQ4d0xqQ2RKUkQ1Rng5SG5zQ0F3RUFBYU5DTUVBd0RnWURWUjBQQVFIL0JBUURBZ0trTUE4R0ExVWRFd0VCCi93UUZNQU1CQWY4d0hRWURWUjBPQkJZRUZJYlhLaGozYWlPT3VhTGdzeDFEUStWakxRelBNQTBHQ1NxR1NJYjMKRFFFQkN3VUFBNElCQVFCNVU4YXl2cC9hODdIbTU0S3JzWlA2Wm5HVHl5ZXpZOU44SVVFbElmNjh3SFlscW1LRgpwTUs1V2ZsM1pKaVRNSHlkU0RtMVl3d0xhNzBiNWwvNGE3b1FQQmVuNXVJWmJIQmpNTzFud0gzMGdPaG54WC9lCk1sR0xqaGlUQ1RwT3ptZ3Q0ZHpNUXNYZ1RlQUhNckN6TEt4SEZwTkphYzdORUJZekdwei9UdHRPQisrd1MzUEYKblFmMGRwNWJJNjF5NGJERytSaUNGelJOSDhGazdUeC91V1RnY25GQmNVOERHR056aGlRWnlIQmlJdHFCVUROaAo2elppcktnYUtBVC9sN0k2MC9WazFsNkM4eTdBVG1EejlzdUptRUdMaFdIUFMyOUs4OHFnZW1GV2dQOWNXT0RHCjJuY0dnS1EzZGUyd0FrZDk3c1g3MnE5MkJjRnc3TzZnbFovKwotLS0tLUVORCBDRVJUSUZJQ0FURS0tLS0tCg=="
              }
            ],
            "created_at": "2022-05-23 11:26:21.696 +0000 UTC",
            "enabled_cluster_log_types": [
              "api",
              "audit",
              "authenticator",
              "controllerManager",
              "scheduler"
            ],
            "encryption_config": [],
            "endpoint": "https://50BD6A5EF52FA9721B3A780D19AF9C49.yl4.ap-northeast-2.eks.amazonaws.com",
            "id": "systems-eks-cluster",
            "identity": [
              {
                "oidc": [
                  {
                    "issuer": "https://oidc.eks.ap-northeast-2.amazonaws.com/id/50BD6A5EF52FA9721B3A780D19AF9C49"
                  }
                ]
              }
            ],
            "kubernetes_network_config": [
              {
                "ip_family": "ipv4",
                "service_ipv4_cidr": "172.20.0.0/16"
              }
            ],
            "name": "systems-eks-cluster",
            "platform_version": "eks.6",
            "role_arn": "arn:aws:iam::807380035085:role/systems-eks-cluster-role",
            "status": "ACTIVE",
            "tags": null,
            "tags_all": {},
            "timeouts": null,
            "version": "1.21",
            "vpc_config": [
              {
                "cluster_security_group_id": "sg-07442c5f7f47ca25b",
                "endpoint_private_access": true,
                "endpoint_public_access": true,
                "public_access_cidrs": [
                  "0.0.0.0/0"
                ],
                "security_group_ids": [
                  "sg-0cbc30ceb65f60a41"
                ],
                "subnet_ids": [
                  "subnet-02013ac11439ff198",
                  "subnet-0291f7df162a01c34",
                  "subnet-04b370fb62ee7869c",
                  "subnet-0b29202ac2881093e"
                ],
                "vpc_id": "vpc-0c46c80eb059ca036"
              }
            ]
          },
          "sensitive_attributes": [],
          "private": "eyJlMmJmYjczMC1lY2FhLTExZTYtOGY4OC0zNDM2M2JjN2M0YzAiOnsiY3JlYXRlIjoxODAwMDAwMDAwMDAwLCJkZWxldGUiOjkwMDAwMDAwMDAwMCwidXBkYXRlIjozNjAwMDAwMDAwMDAwfX0=",
          "dependencies": [
            "aws_iam_role.systems-eks-cluster-role",
            "aws_iam_role_policy_attachment.systems-eks-cluster-AmazonEKSClusterPolicy",
            "aws_iam_role_policy_attachment.systems-eks-cluster-AmazonEKSVPCResourceController",
            "aws_security_group.systems-eks-cluster-sg",
            "aws_subnet.systems_dev_private_subnet1",
            "aws_subnet.systems_dev_private_subnet2",
            "aws_subnet.systems_dev_public_subnet1",
            "aws_subnet.systems_dev_public_subnet2",
            "aws_vpc.systems_eks_vpc",
            "data.aws_availability_zones.available"
          ]
        }
      ]
    },
    {
      "mode": "managed",
      "type": "aws_eks_node_group",
      "name": "systems-eks-node-group",
      "provider": "provider[\"registry.terraform.io/hashicorp/aws\"]",
      "instances": [
        {
          "schema_version": 0,
          "attributes": {
            "ami_type": "AL2_x86_64",
            "arn": "arn:aws:eks:ap-northeast-2:807380035085:nodegroup/systems-eks-cluster/systems-eks-node-group/a0c0785a-410c-b1fd-caad-0b095091b684",
            "capacity_type": "ON_DEMAND",
            "cluster_name": "systems-eks-cluster",
            "disk_size": 200,
            "force_update_version": null,
            "id": "systems-eks-cluster:systems-eks-node-group",
            "instance_types": [
              "c5.2xlarge"
            ],
            "labels": {
              "role": "systems-eks-node-group"
            },
            "launch_template": [],
            "node_group_name": "systems-eks-node-group",
            "node_group_name_prefix": "",
            "node_role_arn": "arn:aws:iam::807380035085:role/systems-eks-worker-node-role",
            "release_version": "1.21.5-20220429",
            "remote_access": [],
            "resources": [
              {
                "autoscaling_groups": [
                  {
                    "name": "eks-systems-eks-node-group-a0c0785a-410c-b1fd-caad-0b095091b684"
                  }
                ],
                "remote_access_security_group_id": ""
              }
            ],
            "scaling_config": [
              {
                "desired_size": 8,
                "max_size": 16,
                "min_size": 8
              }
            ],
            "status": "ACTIVE",
            "subnet_ids": [
              "subnet-0291f7df162a01c34",
              "subnet-04b370fb62ee7869c"
            ],
            "tags": {
              "Name": "systems-eks-cluster-systems-eks-worker-node-group"
            },
            "tags_all": {
              "Name": "systems-eks-cluster-systems-eks-worker-node-group"
            },
            "taint": [],
            "timeouts": null,
            "update_config": [
              {
                "max_unavailable": 1,
                "max_unavailable_percentage": 0
              }
            ],
            "version": "1.21"
          },
          "sensitive_attributes": [],
          "private": "eyJlMmJmYjczMC1lY2FhLTExZTYtOGY4OC0zNDM2M2JjN2M0YzAiOnsiY3JlYXRlIjozNjAwMDAwMDAwMDAwLCJkZWxldGUiOjM2MDAwMDAwMDAwMDAsInVwZGF0ZSI6MzYwMDAwMDAwMDAwMH19",
          "dependencies": [
            "aws_eks_cluster.systems-eks-cluster",
            "aws_iam_policy.systems-eks-worker-node-albingresscontroller-policy",
            "aws_iam_policy.systems-eks-worker-node-autoscailer-policy",
            "aws_iam_role.systems-eks-cluster-role",
            "aws_iam_role.systems-eks-worker-node-role",
            "aws_iam_role_policy_attachment.systems-eks-cluster-AmazonEKSClusterPolicy",
            "aws_iam_role_policy_attachment.systems-eks-cluster-AmazonEKSVPCResourceController",
            "aws_iam_role_policy_attachment.systems-eks-worker-node-AlbIngressControllerPolicy",
            "aws_iam_role_policy_attachment.systems-eks-worker-node-AmazonEC2ContainerRegistryReadOnly",
            "aws_iam_role_policy_attachment.systems-eks-worker-node-AmazonEKSWorkerNodePolicy",
            "aws_iam_role_policy_attachment.systems-eks-worker-node-AmazonEKS_CNI_Policy",
            "aws_iam_role_policy_attachment.systems-eks-worker-node-AmazonRoute53FullAccess",
            "aws_iam_role_policy_attachment.systems-eks-worker-node-AutoScailerPolicy",
            "aws_iam_role_policy_attachment.systems-eks-worker-node-CloudWatchLogsFullAccess",
            "aws_security_group.systems-eks-cluster-sg",
            "aws_subnet.systems_dev_private_subnet1",
            "aws_subnet.systems_dev_private_subnet2",
            "aws_subnet.systems_dev_public_subnet1",
            "aws_subnet.systems_dev_public_subnet2",
            "aws_vpc.systems_eks_vpc",
            "data.aws_availability_zones.available"
          ]
        }
      ]
    },
    {
      "mode": "managed",
      "type": "aws_iam_openid_connect_provider",
      "name": "eks-cluster",
      "provider": "provider[\"registry.terraform.io/hashicorp/aws\"]",
      "instances": [
        {
          "schema_version": 0,
          "attributes": {
            "arn": "arn:aws:iam::807380035085:oidc-provider/oidc.eks.ap-northeast-2.amazonaws.com/id/50BD6A5EF52FA9721B3A780D19AF9C49",
            "client_id_list": [
              "sts.amazonaws.com"
            ],
            "id": "arn:aws:iam::807380035085:oidc-provider/oidc.eks.ap-northeast-2.amazonaws.com/id/50BD6A5EF52FA9721B3A780D19AF9C49",
            "tags": null,
            "tags_all": {},
            "thumbprint_list": [
              "9e99a48a9960b14926bb7f3b02e22da2b0ab7280"
            ],
            "url": "oidc.eks.ap-northeast-2.amazonaws.com/id/50BD6A5EF52FA9721B3A780D19AF9C49"
          },
          "sensitive_attributes": [],
          "private": "bnVsbA==",
          "dependencies": [
            "aws_eks_cluster.systems-eks-cluster",
            "aws_iam_role.systems-eks-cluster-role",
            "aws_iam_role_policy_attachment.systems-eks-cluster-AmazonEKSClusterPolicy",
            "aws_iam_role_policy_attachment.systems-eks-cluster-AmazonEKSVPCResourceController",
            "aws_security_group.systems-eks-cluster-sg",
            "aws_subnet.systems_dev_private_subnet1",
            "aws_subnet.systems_dev_private_subnet2",
            "aws_subnet.systems_dev_public_subnet1",
            "aws_subnet.systems_dev_public_subnet2",
            "aws_vpc.systems_eks_vpc",
            "data.aws_availability_zones.available",
            "data.tls_certificate.cluster"
          ]
        }
      ]
    },
    {
      "mode": "managed",
      "type": "aws_iam_policy",
      "name": "systems-eks-worker-node-albingresscontroller-policy",
      "provider": "provider[\"registry.terraform.io/hashicorp/aws\"]",
      "instances": [
        {
          "schema_version": 0,
          "attributes": {
            "arn": "arn:aws:iam::807380035085:policy/systems-eks-worker-node-albingresscontroller-policy",
            "description": "Systems EKS Woerker Node Alb IngressController Policy",
            "id": "arn:aws:iam::807380035085:policy/systems-eks-worker-node-albingresscontroller-policy",
            "name": "systems-eks-worker-node-albingresscontroller-policy",
            "name_prefix": null,
            "path": "/",
            "policy": "{\"Statement\":[{\"Action\":[\"acm:DescribeCertificate\",\"acm:ListCertificates\",\"acm:GetCertificate\"],\"Effect\":\"Allow\",\"Resource\":\"*\"},{\"Action\":[\"ec2:AuthorizeSecurityGroupIngress\",\"ec2:CreateSecurityGroup\",\"ec2:CreateTags\",\"ec2:DeleteTags\",\"ec2:DeleteSecurityGroup\",\"ec2:DescribeAccountAttributes\",\"ec2:DescribeAddresses\",\"ec2:DescribeInstances\",\"ec2:DescribeInstanceStatus\",\"ec2:DescribeInternetGateways\",\"ec2:DescribeNetworkInterfaces\",\"ec2:DescribeSecurityGroups\",\"ec2:DescribeSubnets\",\"ec2:DescribeTags\",\"ec2:DescribeVpcs\",\"ec2:ModifyInstanceAttribute\",\"ec2:ModifyNetworkInterfaceAttribute\",\"ec2:RevokeSecurityGroupIngress\"],\"Effect\":\"Allow\",\"Resource\":\"*\"},{\"Action\":[\"elasticloadbalancing:AddListenerCertificates\",\"elasticloadbalancing:AddTags\",\"elasticloadbalancing:CreateListener\",\"elasticloadbalancing:CreateLoadBalancer\",\"elasticloadbalancing:CreateRule\",\"elasticloadbalancing:CreateTargetGroup\",\"elasticloadbalancing:DeleteListener\",\"elasticloadbalancing:DeleteLoadBalancer\",\"elasticloadbalancing:DeleteRule\",\"elasticloadbalancing:DeleteTargetGroup\",\"elasticloadbalancing:DeregisterTargets\",\"elasticloadbalancing:DescribeListenerCertificates\",\"elasticloadbalancing:DescribeListeners\",\"elasticloadbalancing:DescribeLoadBalancers\",\"elasticloadbalancing:DescribeLoadBalancerAttributes\",\"elasticloadbalancing:DescribeRules\",\"elasticloadbalancing:DescribeSSLPolicies\",\"elasticloadbalancing:DescribeTags\",\"elasticloadbalancing:DescribeTargetGroups\",\"elasticloadbalancing:DescribeTargetGroupAttributes\",\"elasticloadbalancing:DescribeTargetHealth\",\"elasticloadbalancing:ModifyListener\",\"elasticloadbalancing:ModifyLoadBalancerAttributes\",\"elasticloadbalancing:ModifyRule\",\"elasticloadbalancing:ModifyTargetGroup\",\"elasticloadbalancing:ModifyTargetGroupAttributes\",\"elasticloadbalancing:RegisterTargets\",\"elasticloadbalancing:RemoveListenerCertificates\",\"elasticloadbalancing:RemoveTags\",\"elasticloadbalancing:SetIpAddressType\",\"elasticloadbalancing:SetSecurityGroups\",\"elasticloadbalancing:SetSubnets\",\"elasticloadbalancing:SetWebACL\"],\"Effect\":\"Allow\",\"Resource\":\"*\"},{\"Action\":[\"iam:CreateServiceLinkedRole\",\"iam:GetServerCertificate\",\"iam:ListServerCertificates\"],\"Effect\":\"Allow\",\"Resource\":\"*\"},{\"Action\":[\"cognito-idp:DescribeUserPoolClient\"],\"Effect\":\"Allow\",\"Resource\":\"*\"},{\"Action\":[\"waf-regional:GetWebACLForResource\",\"waf-regional:GetWebACL\",\"waf-regional:AssociateWebACL\",\"waf-regional:DisassociateWebACL\"],\"Effect\":\"Allow\",\"Resource\":\"*\"},{\"Action\":[\"tag:GetResources\",\"tag:TagResources\"],\"Effect\":\"Allow\",\"Resource\":\"*\"},{\"Action\":[\"waf:GetWebACL\"],\"Effect\":\"Allow\",\"Resource\":\"*\"}],\"Version\":\"2012-10-17\"}",
            "policy_id": "ANPA3X64ZUYGT6QY62EAC",
            "tags": null,
            "tags_all": {}
          },
          "sensitive_attributes": [],
          "private": "bnVsbA=="
        }
      ]
    },
    {
      "mode": "managed",
      "type": "aws_iam_policy",
      "name": "systems-eks-worker-node-autoscailer-policy",
      "provider": "provider[\"registry.terraform.io/hashicorp/aws\"]",
      "instances": [
        {
          "schema_version": 0,
          "attributes": {
            "arn": "arn:aws:iam::807380035085:policy/systems-eks-worker-node-autoscailer-policy",
            "description": "Systems EKS Worker Node AutoScailer Policy",
            "id": "arn:aws:iam::807380035085:policy/systems-eks-worker-node-autoscailer-policy",
            "name": "systems-eks-worker-node-autoscailer-policy",
            "name_prefix": null,
            "path": "/",
            "policy": "{\"Statement\":[{\"Action\":[\"autoscaling:DescribeAutoScalingGroups\",\"autoscaling:DescribeAutoScalingInstances\",\"autoscaling:DescribeLaunchConfigurations\",\"autoscaling:DescribeTags\",\"autoscaling:SetDesiredCapacity\",\"autoscaling:TerminateInstanceInAutoScalingGroup\",\"ec2:DescribeLaunchTemplateVersions\"],\"Effect\":\"Allow\",\"Resource\":\"*\"}],\"Version\":\"2012-10-17\"}",
            "policy_id": "ANPA3X64ZUYG6PBWDKOOJ",
            "tags": null,
            "tags_all": {}
          },
          "sensitive_attributes": [],
          "private": "bnVsbA=="
        }
      ]
    },
    {
      "mode": "managed",
      "type": "aws_iam_role",
      "name": "eks-service-account-role",
      "provider": "provider[\"registry.terraform.io/hashicorp/aws\"]",
      "instances": [
        {
          "schema_version": 0,
          "attributes": {
            "arn": "arn:aws:iam::807380035085:role/workload_sa",
            "assume_role_policy": "{\"Version\":\"2012-10-17\",\"Statement\":[{\"Sid\":\"\",\"Effect\":\"Allow\",\"Principal\":{\"Federated\":\"arn:aws:iam::807380035085:oidc-provider/oidc.eks.ap-northeast-2.amazonaws.com/id/50BD6A5EF52FA9721B3A780D19AF9C49\"},\"Action\":\"sts:AssumeRoleWithWebIdentity\"}]}",
            "create_date": "2022-05-23T11:36:45Z",
            "description": "",
            "force_detach_policies": false,
            "id": "workload_sa",
            "inline_policy": [
              {
                "name": "eks_service_account_policy",
                "policy": "{\"Statement\":[{\"Action\":[\"s3:GetBucket\",\"s3:GetObject\",\"s3:PutObject\"],\"Effect\":\"Allow\",\"Resource\":\"*\"}],\"Version\":\"2012-10-17\"}"
              }
            ],
            "managed_policy_arns": [],
            "max_session_duration": 3600,
            "name": "workload_sa",
            "name_prefix": "",
            "path": "/",
            "permissions_boundary": null,
            "tags": null,
            "tags_all": {},
            "unique_id": "AROA3X64ZUYGXQL3Z5E5W"
          },
          "sensitive_attributes": [],
          "private": "bnVsbA==",
          "dependencies": [
            "aws_eks_cluster.systems-eks-cluster",
            "aws_iam_openid_connect_provider.eks-cluster",
            "aws_iam_role.systems-eks-cluster-role",
            "aws_iam_role_policy_attachment.systems-eks-cluster-AmazonEKSClusterPolicy",
            "aws_iam_role_policy_attachment.systems-eks-cluster-AmazonEKSVPCResourceController",
            "aws_security_group.systems-eks-cluster-sg",
            "aws_subnet.systems_dev_private_subnet1",
            "aws_subnet.systems_dev_private_subnet2",
            "aws_subnet.systems_dev_public_subnet1",
            "aws_subnet.systems_dev_public_subnet2",
            "aws_vpc.systems_eks_vpc",
            "data.aws_availability_zones.available",
            "data.tls_certificate.cluster"
          ]
        }
      ]
    },
    {
      "mode": "managed",
      "type": "aws_iam_role",
      "name": "external_admin",
      "provider": "provider[\"registry.terraform.io/hashicorp/aws\"]",
      "instances": [
        {
          "schema_version": 0,
          "attributes": {
            "arn": "arn:aws:iam::807380035085:role/external_admin",
            "assume_role_policy": "{\"Version\":\"2012-10-17\",\"Statement\":[{\"Sid\":\"\",\"Effect\":\"Allow\",\"Principal\":{\"AWS\":[\"arn:aws:iam::807380035085:role/systems-eks-uer-role\",\"arn:aws:iam::807380035085:user/dev-systems\"]},\"Action\":\"sts:AssumeRole\"}]}",
            "create_date": "2022-05-23T11:25:57Z",
            "description": "",
            "force_detach_policies": false,
            "id": "external_admin",
            "inline_policy": [
              {
                "name": "external_admin_policy",
                "policy": "{\"Statement\":[{\"Action\":[\"eks:DescribeCluster\"],\"Effect\":\"Allow\",\"Resource\":\"*\"}],\"Version\":\"2012-10-17\"}"
              }
            ],
            "managed_policy_arns": [],
            "max_session_duration": 3600,
            "name": "external_admin",
            "name_prefix": "",
            "path": "/",
            "permissions_boundary": null,
            "tags": null,
            "tags_all": {},
            "unique_id": "AROA3X64ZUYGV2LGWIBJ7"
          },
          "sensitive_attributes": [],
          "private": "bnVsbA==",
          "dependencies": [
            "data.aws_caller_identity.caller"
          ]
        }
      ]
    },
    {
      "mode": "managed",
      "type": "aws_iam_role",
      "name": "external_developer",
      "provider": "provider[\"registry.terraform.io/hashicorp/aws\"]",
      "instances": [
        {
          "schema_version": 0,
          "attributes": {
            "arn": "arn:aws:iam::807380035085:role/external_developer",
            "assume_role_policy": "{\"Version\":\"2012-10-17\",\"Statement\":[{\"Sid\":\"\",\"Effect\":\"Allow\",\"Principal\":{\"AWS\":[\"arn:aws:iam::807380035085:role/systems-eks-uer-role\",\"arn:aws:iam::807380035085:user/dev-systems\"]},\"Action\":\"sts:AssumeRole\"}]}",
            "create_date": "2022-05-23T11:25:57Z",
            "description": "",
            "force_detach_policies": false,
            "id": "external_developer",
            "inline_policy": [
              {
                "name": "external_developer_policy",
                "policy": "{\"Statement\":[{\"Action\":[\"eks:DescribeCluster\"],\"Effect\":\"Allow\",\"Resource\":\"*\"}],\"Version\":\"2012-10-17\"}"
              }
            ],
            "managed_policy_arns": [],
            "max_session_duration": 3600,
            "name": "external_developer",
            "name_prefix": "",
            "path": "/",
            "permissions_boundary": null,
            "tags": null,
            "tags_all": {},
            "unique_id": "AROA3X64ZUYGX2JEPO4CU"
          },
          "sensitive_attributes": [],
          "private": "bnVsbA==",
          "dependencies": [
            "data.aws_caller_identity.caller"
          ]
        }
      ]
    },
    {
      "mode": "managed",
      "type": "aws_iam_role",
      "name": "systems-eks-cluster-role",
      "provider": "provider[\"registry.terraform.io/hashicorp/aws\"]",
      "instances": [
        {
          "schema_version": 0,
          "attributes": {
            "arn": "arn:aws:iam::807380035085:role/systems-eks-cluster-role",
            "assume_role_policy": "{\"Version\":\"2012-10-17\",\"Statement\":[{\"Effect\":\"Allow\",\"Principal\":{\"Service\":\"eks.amazonaws.com\"},\"Action\":\"sts:AssumeRole\"}]}",
            "create_date": "2022-05-23T11:25:57Z",
            "description": "",
            "force_detach_policies": false,
            "id": "systems-eks-cluster-role",
            "inline_policy": [
              {
                "name": "",
                "policy": ""
              }
            ],
            "managed_policy_arns": [],
            "max_session_duration": 3600,
            "name": "systems-eks-cluster-role",
            "name_prefix": "",
            "path": "/",
            "permissions_boundary": null,
            "tags": null,
            "tags_all": {},
            "unique_id": "AROA3X64ZUYG6ACFWKN7Q"
          },
          "sensitive_attributes": [],
          "private": "bnVsbA=="
        }
      ]
    },
    {
      "mode": "managed",
      "type": "aws_iam_role",
      "name": "systems-eks-worker-node-role",
      "provider": "provider[\"registry.terraform.io/hashicorp/aws\"]",
      "instances": [
        {
          "schema_version": 0,
          "attributes": {
            "arn": "arn:aws:iam::807380035085:role/systems-eks-worker-node-role",
            "assume_role_policy": "{\"Version\":\"2012-10-17\",\"Statement\":[{\"Effect\":\"Allow\",\"Principal\":{\"Service\":\"ec2.amazonaws.com\"},\"Action\":\"sts:AssumeRole\"}]}",
            "create_date": "2022-05-23T11:25:57Z",
            "description": "",
            "force_detach_policies": false,
            "id": "systems-eks-worker-node-role",
            "inline_policy": [
              {
                "name": "",
                "policy": ""
              }
            ],
            "managed_policy_arns": [],
            "max_session_duration": 3600,
            "name": "systems-eks-worker-node-role",
            "name_prefix": "",
            "path": "/",
            "permissions_boundary": null,
            "tags": null,
            "tags_all": {},
            "unique_id": "AROA3X64ZUYGQJ7NQCTU2"
          },
          "sensitive_attributes": [],
          "private": "bnVsbA=="
        }
      ]
    },
    {
      "mode": "managed",
      "type": "aws_iam_role_policy_attachment",
      "name": "systems-eks-cluster-AmazonEKSClusterPolicy",
      "provider": "provider[\"registry.terraform.io/hashicorp/aws\"]",
      "instances": [
        {
          "schema_version": 0,
          "attributes": {
            "id": "systems-eks-cluster-role-20220523112559790100000008",
            "policy_arn": "arn:aws:iam::aws:policy/AmazonEKSClusterPolicy",
            "role": "systems-eks-cluster-role"
          },
          "sensitive_attributes": [],
          "private": "bnVsbA==",
          "dependencies": [
            "aws_iam_role.systems-eks-cluster-role"
          ]
        }
      ]
    },
    {
      "mode": "managed",
      "type": "aws_iam_role_policy_attachment",
      "name": "systems-eks-cluster-AmazonEKSVPCResourceController",
      "provider": "provider[\"registry.terraform.io/hashicorp/aws\"]",
      "instances": [
        {
          "schema_version": 0,
          "attributes": {
            "id": "systems-eks-cluster-role-20220523112559800500000009",
            "policy_arn": "arn:aws:iam::aws:policy/AmazonEKSVPCResourceController",
            "role": "systems-eks-cluster-role"
          },
          "sensitive_attributes": [],
          "private": "bnVsbA==",
          "dependencies": [
            "aws_iam_role.systems-eks-cluster-role"
          ]
        }
      ]
    },
    {
      "mode": "managed",
      "type": "aws_iam_role_policy_attachment",
      "name": "systems-eks-worker-node-AlbIngressControllerPolicy",
      "provider": "provider[\"registry.terraform.io/hashicorp/aws\"]",
      "instances": [
        {
          "schema_version": 0,
          "attributes": {
            "id": "systems-eks-worker-node-role-20220523112559240300000001",
            "policy_arn": "arn:aws:iam::807380035085:policy/systems-eks-worker-node-albingresscontroller-policy",
            "role": "systems-eks-worker-node-role"
          },
          "sensitive_attributes": [],
          "private": "bnVsbA==",
          "dependencies": [
            "aws_iam_policy.systems-eks-worker-node-albingresscontroller-policy",
            "aws_iam_role.systems-eks-worker-node-role"
          ]
        }
      ]
    },
    {
      "mode": "managed",
      "type": "aws_iam_role_policy_attachment",
      "name": "systems-eks-worker-node-AmazonEC2ContainerRegistryReadOnly",
      "provider": "provider[\"registry.terraform.io/hashicorp/aws\"]",
      "instances": [
        {
          "schema_version": 0,
          "attributes": {
            "id": "systems-eks-worker-node-role-20220523112559690800000006",
            "policy_arn": "arn:aws:iam::aws:policy/AmazonEC2ContainerRegistryReadOnly",
            "role": "systems-eks-worker-node-role"
          },
          "sensitive_attributes": [],
          "private": "bnVsbA==",
          "dependencies": [
            "aws_iam_role.systems-eks-worker-node-role"
          ]
        }
      ]
    },
    {
      "mode": "managed",
      "type": "aws_iam_role_policy_attachment",
      "name": "systems-eks-worker-node-AmazonEKSWorkerNodePolicy",
      "provider": "provider[\"registry.terraform.io/hashicorp/aws\"]",
      "instances": [
        {
          "schema_version": 0,
          "attributes": {
            "id": "systems-eks-worker-node-role-20220523112559762200000007",
            "policy_arn": "arn:aws:iam::aws:policy/AmazonEKSWorkerNodePolicy",
            "role": "systems-eks-worker-node-role"
          },
          "sensitive_attributes": [],
          "private": "bnVsbA==",
          "dependencies": [
            "aws_iam_role.systems-eks-worker-node-role"
          ]
        }
      ]
    },
    {
      "mode": "managed",
      "type": "aws_iam_role_policy_attachment",
      "name": "systems-eks-worker-node-AmazonEKS_CNI_Policy",
      "provider": "provider[\"registry.terraform.io/hashicorp/aws\"]",
      "instances": [
        {
          "schema_version": 0,
          "attributes": {
            "id": "systems-eks-worker-node-role-20220523112559256600000004",
            "policy_arn": "arn:aws:iam::aws:policy/AmazonEKS_CNI_Policy",
            "role": "systems-eks-worker-node-role"
          },
          "sensitive_attributes": [],
          "private": "bnVsbA==",
          "dependencies": [
            "aws_iam_role.systems-eks-worker-node-role"
          ]
        }
      ]
    },
    {
      "mode": "managed",
      "type": "aws_iam_role_policy_attachment",
      "name": "systems-eks-worker-node-AmazonRoute53FullAccess",
      "provider": "provider[\"registry.terraform.io/hashicorp/aws\"]",
      "instances": [
        {
          "schema_version": 0,
          "attributes": {
            "id": "systems-eks-worker-node-role-20220523112559254400000003",
            "policy_arn": "arn:aws:iam::aws:policy/AmazonRoute53FullAccess",
            "role": "systems-eks-worker-node-role"
          },
          "sensitive_attributes": [],
          "private": "bnVsbA==",
          "dependencies": [
            "aws_iam_role.systems-eks-worker-node-role"
          ]
        }
      ]
    },
    {
      "mode": "managed",
      "type": "aws_iam_role_policy_attachment",
      "name": "systems-eks-worker-node-AutoScailerPolicy",
      "provider": "provider[\"registry.terraform.io/hashicorp/aws\"]",
      "instances": [
        {
          "schema_version": 0,
          "attributes": {
            "id": "systems-eks-worker-node-role-20220523112559436500000005",
            "policy_arn": "arn:aws:iam::807380035085:policy/systems-eks-worker-node-autoscailer-policy",
            "role": "systems-eks-worker-node-role"
          },
          "sensitive_attributes": [],
          "private": "bnVsbA==",
          "dependencies": [
            "aws_iam_policy.systems-eks-worker-node-autoscailer-policy",
            "aws_iam_role.systems-eks-worker-node-role"
          ]
        }
      ]
    },
    {
      "mode": "managed",
      "type": "aws_iam_role_policy_attachment",
      "name": "systems-eks-worker-node-CloudWatchLogsFullAccess",
      "provider": "provider[\"registry.terraform.io/hashicorp/aws\"]",
      "instances": [
        {
          "schema_version": 0,
          "attributes": {
            "id": "systems-eks-worker-node-role-20220523112559242500000002",
            "policy_arn": "arn:aws:iam::aws:policy/CloudWatchLogsFullAccess",
            "role": "systems-eks-worker-node-role"
          },
          "sensitive_attributes": [],
          "private": "bnVsbA==",
          "dependencies": [
            "aws_iam_role.systems-eks-worker-node-role"
          ]
        }
      ]
    },
    {
      "mode": "managed",
      "type": "aws_instance",
      "name": "systems_dev_bastion_instance",
      "provider": "provider[\"registry.terraform.io/hashicorp/aws\"]",
      "instances": [
        {
          "schema_version": 1,
          "attributes": {
            "ami": "ami-0195322846474ddb9",
            "arn": "arn:aws:ec2:ap-northeast-2:807380035085:instance/i-0d5a5161ba100ec4c",
            "associate_public_ip_address": true,
            "availability_zone": "ap-northeast-2a",
            "capacity_reservation_specification": [
              {
                "capacity_reservation_preference": "open",
                "capacity_reservation_target": []
              }
            ],
            "cpu_core_count": 4,
            "cpu_threads_per_core": 2,
            "credit_specification": [],
            "disable_api_termination": false,
            "ebs_block_device": [],
            "ebs_optimized": false,
            "enclave_options": [
              {
                "enabled": false
              }
            ],
            "ephemeral_block_device": [],
            "get_password_data": false,
            "hibernation": false,
            "host_id": null,
            "iam_instance_profile": "",
            "id": "i-0d5a5161ba100ec4c",
            "instance_initiated_shutdown_behavior": "stop",
            "instance_state": "running",
            "instance_type": "c5.2xlarge",
            "ipv6_address_count": 0,
            "ipv6_addresses": [],
            "key_name": "systems_ec2_auth_key",
            "launch_template": [],
            "maintenance_options": [
              {
                "auto_recovery": "default"
              }
            ],
            "metadata_options": [
              {
                "http_endpoint": "enabled",
                "http_put_response_hop_limit": 1,
                "http_tokens": "optional",
                "instance_metadata_tags": "disabled"
              }
            ],
            "monitoring": false,
            "network_interface": [],
            "outpost_arn": "",
            "password_data": "",
            "placement_group": "",
            "placement_partition_number": null,
            "primary_network_interface_id": "eni-0f776b97409372a8d",
            "private_dns": "ip-10-2-1-217.ap-northeast-2.compute.internal",
            "private_ip": "10.2.1.217",
            "public_dns": "ec2-3-36-85-28.ap-northeast-2.compute.amazonaws.com",
            "public_ip": "3.36.85.28",
            "root_block_device": [
              {
                "delete_on_termination": true,
                "device_name": "/dev/xvda",
                "encrypted": false,
                "iops": 300,
                "kms_key_id": "",
                "tags": null,
                "throughput": 0,
                "volume_id": "vol-058d778f71ba2db31",
                "volume_size": 100,
                "volume_type": "gp2"
              }
            ],
            "secondary_private_ips": [],
            "security_groups": [],
            "source_dest_check": true,
            "subnet_id": "subnet-02013ac11439ff198",
            "tags": {
              "Name": "Bastion Host Instance"
            },
            "tags_all": {
              "Name": "Bastion Host Instance"
            },
            "tenancy": "default",
            "timeouts": null,
            "user_data": null,
            "user_data_base64": null,
            "user_data_replace_on_change": false,
            "volume_tags": null,
            "vpc_security_group_ids": [
              "sg-01caef59793e04071",
              "sg-0f0036809a84c93ba"
            ]
          },
          "sensitive_attributes": [],
          "private": "eyJlMmJmYjczMC1lY2FhLTExZTYtOGY4OC0zNDM2M2JjN2M0YzAiOnsiY3JlYXRlIjo2MDAwMDAwMDAwMDAsImRlbGV0ZSI6MTIwMDAwMDAwMDAwMCwidXBkYXRlIjo2MDAwMDAwMDAwMDB9LCJzY2hlbWFfdmVyc2lvbiI6IjEifQ==",
          "dependencies": [
            "aws_default_security_group.systems_dev_default_sg",
            "aws_security_group.systems_dev_bastion_sg",
            "aws_subnet.systems_dev_public_subnet1",
            "aws_vpc.systems_eks_vpc",
            "data.aws_ami.amazon_linux",
            "data.aws_availability_zones.available"
          ]
        }
      ]
    },
    {
      "mode": "managed",
      "type": "aws_instance",
      "name": "systems_dev_logserver_instance",
      "provider": "provider[\"registry.terraform.io/hashicorp/aws\"]",
      "instances": [
        {
          "schema_version": 1,
          "attributes": {
            "ami": "ami-0195322846474ddb9",
            "arn": "arn:aws:ec2:ap-northeast-2:807380035085:instance/i-0800eeb2c975da73b",
            "associate_public_ip_address": true,
            "availability_zone": "ap-northeast-2c",
            "capacity_reservation_specification": [
              {
                "capacity_reservation_preference": "open",
                "capacity_reservation_target": []
              }
            ],
            "cpu_core_count": 4,
            "cpu_threads_per_core": 2,
            "credit_specification": [],
            "disable_api_termination": false,
            "ebs_block_device": [],
            "ebs_optimized": false,
            "enclave_options": [
              {
                "enabled": false
              }
            ],
            "ephemeral_block_device": [],
            "get_password_data": false,
            "hibernation": false,
            "host_id": null,
            "iam_instance_profile": "",
            "id": "i-0800eeb2c975da73b",
            "instance_initiated_shutdown_behavior": "stop",
            "instance_state": "running",
            "instance_type": "c5.2xlarge",
            "ipv6_address_count": 0,
            "ipv6_addresses": [],
            "key_name": "systems_ec2_auth_key",
            "launch_template": [],
            "maintenance_options": [
              {
                "auto_recovery": "default"
              }
            ],
            "metadata_options": [
              {
                "http_endpoint": "enabled",
                "http_put_response_hop_limit": 1,
                "http_tokens": "optional",
                "instance_metadata_tags": "disabled"
              }
            ],
            "monitoring": false,
            "network_interface": [],
            "outpost_arn": "",
            "password_data": "",
            "placement_group": "",
            "placement_partition_number": null,
            "primary_network_interface_id": "eni-058c6643038eb32bd",
            "private_dns": "ip-10-2-11-80.ap-northeast-2.compute.internal",
            "private_ip": "10.2.11.80",
            "public_dns": "ec2-3-36-71-147.ap-northeast-2.compute.amazonaws.com",
            "public_ip": "3.36.71.147",
            "root_block_device": [
              {
                "delete_on_termination": true,
                "device_name": "/dev/xvda",
                "encrypted": false,
                "iops": 300,
                "kms_key_id": "",
                "tags": null,
                "throughput": 0,
                "volume_id": "vol-0fbb8546713bcaa6d",
                "volume_size": 100,
                "volume_type": "gp2"
              }
            ],
            "secondary_private_ips": [],
            "security_groups": [],
            "source_dest_check": true,
            "subnet_id": "subnet-0291f7df162a01c34",
            "tags": {
              "Name": "Log Server Instance"
            },
            "tags_all": {
              "Name": "Log Server Instance"
            },
            "tenancy": "default",
            "timeouts": null,
            "user_data": null,
            "user_data_base64": null,
            "user_data_replace_on_change": false,
            "volume_tags": null,
            "vpc_security_group_ids": [
              "sg-01caef59793e04071",
              "sg-053039a6510d204da"
            ]
          },
          "sensitive_attributes": [],
          "private": "eyJlMmJmYjczMC1lY2FhLTExZTYtOGY4OC0zNDM2M2JjN2M0YzAiOnsiY3JlYXRlIjo2MDAwMDAwMDAwMDAsImRlbGV0ZSI6MTIwMDAwMDAwMDAwMCwidXBkYXRlIjo2MDAwMDAwMDAwMDB9LCJzY2hlbWFfdmVyc2lvbiI6IjEifQ==",
          "dependencies": [
            "aws_default_security_group.systems_dev_default_sg",
            "aws_security_group.systems_dev_logserver_sg",
            "aws_subnet.systems_dev_private_subnet2",
            "aws_vpc.systems_eks_vpc",
            "data.aws_ami.amazon_linux",
            "data.aws_availability_zones.available"
          ]
        }
      ]
    },
    {
      "mode": "managed",
      "type": "aws_internet_gateway",
      "name": "systems_dev_igw",
      "provider": "provider[\"registry.terraform.io/hashicorp/aws\"]",
      "instances": [
        {
          "schema_version": 0,
          "attributes": {
            "arn": "arn:aws:ec2:ap-northeast-2:807380035085:internet-gateway/igw-0bfcdc734d464500f",
            "id": "igw-0bfcdc734d464500f",
            "owner_id": "807380035085",
            "tags": {
              "Name": "systems-dev-internet-gateway"
            },
            "tags_all": {
              "Name": "systems-dev-internet-gateway"
            },
            "vpc_id": "vpc-0c46c80eb059ca036"
          },
          "sensitive_attributes": [],
          "private": "bnVsbA==",
          "dependencies": [
            "aws_vpc.systems_eks_vpc"
          ]
        }
      ]
    },
    {
      "mode": "managed",
      "type": "aws_nat_gateway",
      "name": "systems_dev_nat",
      "provider": "provider[\"registry.terraform.io/hashicorp/aws\"]",
      "instances": [
        {
          "schema_version": 0,
          "attributes": {
            "allocation_id": "eipalloc-0fbf55034fd231e5b",
            "connectivity_type": "public",
            "id": "nat-033c44be13befefdb",
            "network_interface_id": "eni-0ce649ee786fdc5f1",
            "private_ip": "10.2.1.197",
            "public_ip": "3.37.25.13",
            "subnet_id": "subnet-02013ac11439ff198",
            "tags": null,
            "tags_all": {}
          },
          "sensitive_attributes": [],
          "private": "bnVsbA==",
          "dependencies": [
            "aws_eip.systems_dev_nat_eip",
            "aws_internet_gateway.systems_dev_igw",
            "aws_subnet.systems_dev_public_subnet1",
            "aws_vpc.systems_eks_vpc",
            "data.aws_availability_zones.available"
          ]
        }
      ]
    },
    {
      "mode": "managed",
      "type": "aws_network_acl",
      "name": "systems_dev_private_acl",
      "provider": "provider[\"registry.terraform.io/hashicorp/aws\"]",
      "instances": [
        {
          "schema_version": 0,
          "attributes": {
            "arn": "arn:aws:ec2:ap-northeast-2:807380035085:network-acl/acl-093afe5103c4e9ff0",
            "egress": [],
            "id": "acl-093afe5103c4e9ff0",
            "ingress": [],
            "owner_id": "807380035085",
            "subnet_ids": [
              "subnet-0291f7df162a01c34",
              "subnet-04b370fb62ee7869c"
            ],
            "tags": {
              "Name": "Private Network ACL"
            },
            "tags_all": {
              "Name": "Private Network ACL"
            },
            "vpc_id": "vpc-0c46c80eb059ca036"
          },
          "sensitive_attributes": [],
          "private": "bnVsbA==",
          "dependencies": [
            "aws_subnet.systems_dev_private_subnet1",
            "aws_subnet.systems_dev_private_subnet2",
            "aws_vpc.systems_eks_vpc",
            "data.aws_availability_zones.available"
          ]
        }
      ]
    },
    {
      "mode": "managed",
      "type": "aws_network_acl",
      "name": "systems_dev_public_acl",
      "provider": "provider[\"registry.terraform.io/hashicorp/aws\"]",
      "instances": [
        {
          "schema_version": 0,
          "attributes": {
            "arn": "arn:aws:ec2:ap-northeast-2:807380035085:network-acl/acl-0b264f4262806fa2e",
            "egress": [],
            "id": "acl-0b264f4262806fa2e",
            "ingress": [],
            "owner_id": "807380035085",
            "subnet_ids": [
              "subnet-02013ac11439ff198",
              "subnet-0b29202ac2881093e"
            ],
            "tags": {
              "Name": "public Network ACL"
            },
            "tags_all": {
              "Name": "public Network ACL"
            },
            "vpc_id": "vpc-0c46c80eb059ca036"
          },
          "sensitive_attributes": [],
          "private": "bnVsbA==",
          "dependencies": [
            "aws_subnet.systems_dev_public_subnet1",
            "aws_subnet.systems_dev_public_subnet2",
            "aws_vpc.systems_eks_vpc",
            "data.aws_availability_zones.available"
          ]
        }
      ]
    },
    {
      "mode": "managed",
      "type": "aws_network_acl_rule",
      "name": "systems_dev_private_egress443",
      "provider": "provider[\"registry.terraform.io/hashicorp/aws\"]",
      "instances": [
        {
          "schema_version": 0,
          "attributes": {
            "cidr_block": "0.0.0.0/0",
            "egress": true,
            "from_port": 443,
            "icmp_code": null,
            "icmp_type": null,
            "id": "nacl-156183781",
            "ipv6_cidr_block": "",
            "network_acl_id": "acl-093afe5103c4e9ff0",
            "protocol": "6",
            "rule_action": "allow",
            "rule_number": 130,
            "to_port": 443
          },
          "sensitive_attributes": [],
          "private": "bnVsbA==",
          "dependencies": [
            "aws_network_acl.systems_dev_private_acl",
            "aws_subnet.systems_dev_private_subnet1",
            "aws_subnet.systems_dev_private_subnet2",
            "aws_vpc.systems_eks_vpc",
            "data.aws_availability_zones.available"
          ]
        }
      ]
    },
    {
      "mode": "managed",
      "type": "aws_network_acl_rule",
      "name": "systems_dev_private_egress80",
      "provider": "provider[\"registry.terraform.io/hashicorp/aws\"]",
      "instances": [
        {
          "schema_version": 0,
          "attributes": {
            "cidr_block": "0.0.0.0/0",
            "egress": true,
            "from_port": 80,
            "icmp_code": null,
            "icmp_type": null,
            "id": "nacl-2464833674",
            "ipv6_cidr_block": "",
            "network_acl_id": "acl-093afe5103c4e9ff0",
            "protocol": "6",
            "rule_action": "allow",
            "rule_number": 120,
            "to_port": 80
          },
          "sensitive_attributes": [],
          "private": "bnVsbA==",
          "dependencies": [
            "aws_network_acl.systems_dev_private_acl",
            "aws_subnet.systems_dev_private_subnet1",
            "aws_subnet.systems_dev_private_subnet2",
            "aws_vpc.systems_eks_vpc",
            "data.aws_availability_zones.available"
          ]
        }
      ]
    },
    {
      "mode": "managed",
      "type": "aws_network_acl_rule",
      "name": "systems_dev_private_egress_vpc",
      "provider": "provider[\"registry.terraform.io/hashicorp/aws\"]",
      "instances": [
        {
          "schema_version": 0,
          "attributes": {
            "cidr_block": "10.2.0.0/16",
            "egress": true,
            "from_port": 0,
            "icmp_code": null,
            "icmp_type": null,
            "id": "nacl-2446516134",
            "ipv6_cidr_block": "",
            "network_acl_id": "acl-093afe5103c4e9ff0",
            "protocol": "-1",
            "rule_action": "allow",
            "rule_number": 100,
            "to_port": 0
          },
          "sensitive_attributes": [],
          "private": "bnVsbA==",
          "dependencies": [
            "aws_network_acl.systems_dev_private_acl",
            "aws_subnet.systems_dev_private_subnet1",
            "aws_subnet.systems_dev_private_subnet2",
            "aws_vpc.systems_eks_vpc",
            "data.aws_availability_zones.available"
          ]
        }
      ]
    },
    {
      "mode": "managed",
      "type": "aws_network_acl_rule",
      "name": "systems_dev_private_ingress_nat",
      "provider": "provider[\"registry.terraform.io/hashicorp/aws\"]",
      "instances": [
        {
          "schema_version": 0,
          "attributes": {
            "cidr_block": "0.0.0.0/0",
            "egress": false,
            "from_port": 1024,
            "icmp_code": null,
            "icmp_type": null,
            "id": "nacl-4239886160",
            "ipv6_cidr_block": "",
            "network_acl_id": "acl-093afe5103c4e9ff0",
            "protocol": "6",
            "rule_action": "allow",
            "rule_number": 110,
            "to_port": 65535
          },
          "sensitive_attributes": [],
          "private": "bnVsbA==",
          "dependencies": [
            "aws_network_acl.systems_dev_private_acl",
            "aws_subnet.systems_dev_private_subnet1",
            "aws_subnet.systems_dev_private_subnet2",
            "aws_vpc.systems_eks_vpc",
            "data.aws_availability_zones.available"
          ]
        }
      ]
    },
    {
      "mode": "managed",
      "type": "aws_network_acl_rule",
      "name": "systems_dev_private_ingress_vpc",
      "provider": "provider[\"registry.terraform.io/hashicorp/aws\"]",
      "instances": [
        {
          "schema_version": 0,
          "attributes": {
            "cidr_block": "10.2.0.0/16",
            "egress": false,
            "from_port": 0,
            "icmp_code": null,
            "icmp_type": null,
            "id": "nacl-1694111647",
            "ipv6_cidr_block": "",
            "network_acl_id": "acl-093afe5103c4e9ff0",
            "protocol": "-1",
            "rule_action": "allow",
            "rule_number": 100,
            "to_port": 0
          },
          "sensitive_attributes": [],
          "private": "bnVsbA==",
          "dependencies": [
            "aws_network_acl.systems_dev_private_acl",
            "aws_subnet.systems_dev_private_subnet1",
            "aws_subnet.systems_dev_private_subnet2",
            "aws_vpc.systems_eks_vpc",
            "data.aws_availability_zones.available"
          ]
        }
      ]
    },
    {
      "mode": "managed",
      "type": "aws_network_acl_rule",
      "name": "systems_dev_public_egress22",
      "provider": "provider[\"registry.terraform.io/hashicorp/aws\"]",
      "instances": [
        {
          "schema_version": 0,
          "attributes": {
            "cidr_block": "10.2.0.0/16",
            "egress": true,
            "from_port": 22,
            "icmp_code": null,
            "icmp_type": null,
            "id": "nacl-4068253122",
            "ipv6_cidr_block": "",
            "network_acl_id": "acl-0b264f4262806fa2e",
            "protocol": "6",
            "rule_action": "allow",
            "rule_number": 120,
            "to_port": 22
          },
          "sensitive_attributes": [],
          "private": "bnVsbA==",
          "dependencies": [
            "aws_network_acl.systems_dev_public_acl",
            "aws_subnet.systems_dev_public_subnet1",
            "aws_subnet.systems_dev_public_subnet2",
            "aws_vpc.systems_eks_vpc",
            "data.aws_availability_zones.available"
          ]
        }
      ]
    },
    {
      "mode": "managed",
      "type": "aws_network_acl_rule",
      "name": "systems_dev_public_egress443",
      "provider": "provider[\"registry.terraform.io/hashicorp/aws\"]",
      "instances": [
        {
          "schema_version": 0,
          "attributes": {
            "cidr_block": "0.0.0.0/0",
            "egress": true,
            "from_port": 443,
            "icmp_code": null,
            "icmp_type": null,
            "id": "nacl-2246201138",
            "ipv6_cidr_block": "",
            "network_acl_id": "acl-0b264f4262806fa2e",
            "protocol": "6",
            "rule_action": "allow",
            "rule_number": 110,
            "to_port": 443
          },
          "sensitive_attributes": [],
          "private": "bnVsbA==",
          "dependencies": [
            "aws_network_acl.systems_dev_public_acl",
            "aws_subnet.systems_dev_public_subnet1",
            "aws_subnet.systems_dev_public_subnet2",
            "aws_vpc.systems_eks_vpc",
            "data.aws_availability_zones.available"
          ]
        }
      ]
    },
    {
      "mode": "managed",
      "type": "aws_network_acl_rule",
      "name": "systems_dev_public_egress80",
      "provider": "provider[\"registry.terraform.io/hashicorp/aws\"]",
      "instances": [
        {
          "schema_version": 0,
          "attributes": {
            "cidr_block": "0.0.0.0/0",
            "egress": true,
            "from_port": 80,
            "icmp_code": null,
            "icmp_type": null,
            "id": "nacl-507970397",
            "ipv6_cidr_block": "",
            "network_acl_id": "acl-0b264f4262806fa2e",
            "protocol": "6",
            "rule_action": "allow",
            "rule_number": 100,
            "to_port": 80
          },
          "sensitive_attributes": [],
          "private": "bnVsbA==",
          "dependencies": [
            "aws_network_acl.systems_dev_public_acl",
            "aws_subnet.systems_dev_public_subnet1",
            "aws_subnet.systems_dev_public_subnet2",
            "aws_vpc.systems_eks_vpc",
            "data.aws_availability_zones.available"
          ]
        }
      ]
    },
    {
      "mode": "managed",
      "type": "aws_network_acl_rule",
      "name": "systems_dev_public_egress_ephemeral",
      "provider": "provider[\"registry.terraform.io/hashicorp/aws\"]",
      "instances": [
        {
          "schema_version": 0,
          "attributes": {
            "cidr_block": "0.0.0.0/0",
            "egress": true,
            "from_port": 1024,
            "icmp_code": null,
            "icmp_type": null,
            "id": "nacl-490813474",
            "ipv6_cidr_block": "",
            "network_acl_id": "acl-0b264f4262806fa2e",
            "protocol": "6",
            "rule_action": "allow",
            "rule_number": 140,
            "to_port": 65535
          },
          "sensitive_attributes": [],
          "private": "bnVsbA==",
          "dependencies": [
            "aws_network_acl.systems_dev_public_acl",
            "aws_subnet.systems_dev_public_subnet1",
            "aws_subnet.systems_dev_public_subnet2",
            "aws_vpc.systems_eks_vpc",
            "data.aws_availability_zones.available"
          ]
        }
      ]
    },
    {
      "mode": "managed",
      "type": "aws_network_acl_rule",
      "name": "systems_dev_public_ingress22",
      "provider": "provider[\"registry.terraform.io/hashicorp/aws\"]",
      "instances": [
        {
          "schema_version": 0,
          "attributes": {
            "cidr_block": "0.0.0.0/0",
            "egress": false,
            "from_port": 22,
            "icmp_code": null,
            "icmp_type": null,
            "id": "nacl-958051521",
            "ipv6_cidr_block": "",
            "network_acl_id": "acl-0b264f4262806fa2e",
            "protocol": "6",
            "rule_action": "allow",
            "rule_number": 120,
            "to_port": 22
          },
          "sensitive_attributes": [],
          "private": "bnVsbA==",
          "dependencies": [
            "aws_network_acl.systems_dev_public_acl",
            "aws_subnet.systems_dev_public_subnet1",
            "aws_subnet.systems_dev_public_subnet2",
            "aws_vpc.systems_eks_vpc",
            "data.aws_availability_zones.available"
          ]
        }
      ]
    },
    {
      "mode": "managed",
      "type": "aws_network_acl_rule",
      "name": "systems_dev_public_ingress443",
      "provider": "provider[\"registry.terraform.io/hashicorp/aws\"]",
      "instances": [
        {
          "schema_version": 0,
          "attributes": {
            "cidr_block": "0.0.0.0/0",
            "egress": false,
            "from_port": 443,
            "icmp_code": null,
            "icmp_type": null,
            "id": "nacl-2228279311",
            "ipv6_cidr_block": "",
            "network_acl_id": "acl-0b264f4262806fa2e",
            "protocol": "6",
            "rule_action": "allow",
            "rule_number": 110,
            "to_port": 443
          },
          "sensitive_attributes": [],
          "private": "bnVsbA==",
          "dependencies": [
            "aws_network_acl.systems_dev_public_acl",
            "aws_subnet.systems_dev_public_subnet1",
            "aws_subnet.systems_dev_public_subnet2",
            "aws_vpc.systems_eks_vpc",
            "data.aws_availability_zones.available"
          ]
        }
      ]
    },
    {
      "mode": "managed",
      "type": "aws_network_acl_rule",
      "name": "systems_dev_public_ingress80",
      "provider": "provider[\"registry.terraform.io/hashicorp/aws\"]",
      "instances": [
        {
          "schema_version": 0,
          "attributes": {
            "cidr_block": "0.0.0.0/0",
            "egress": false,
            "from_port": 80,
            "icmp_code": null,
            "icmp_type": null,
            "id": "nacl-1497760138",
            "ipv6_cidr_block": "",
            "network_acl_id": "acl-0b264f4262806fa2e",
            "protocol": "6",
            "rule_action": "allow",
            "rule_number": 100,
            "to_port": 80
          },
          "sensitive_attributes": [],
          "private": "bnVsbA==",
          "dependencies": [
            "aws_network_acl.systems_dev_public_acl",
            "aws_subnet.systems_dev_public_subnet1",
            "aws_subnet.systems_dev_public_subnet2",
            "aws_vpc.systems_eks_vpc",
            "data.aws_availability_zones.available"
          ]
        }
      ]
    },
    {
      "mode": "managed",
      "type": "aws_network_acl_rule",
      "name": "systems_dev_public_ingress_ephemeral",
      "provider": "provider[\"registry.terraform.io/hashicorp/aws\"]",
      "instances": [
        {
          "schema_version": 0,
          "attributes": {
            "cidr_block": "0.0.0.0/0",
            "egress": false,
            "from_port": 1024,
            "icmp_code": null,
            "icmp_type": null,
            "id": "nacl-2583653148",
            "ipv6_cidr_block": "",
            "network_acl_id": "acl-0b264f4262806fa2e",
            "protocol": "6",
            "rule_action": "allow",
            "rule_number": 140,
            "to_port": 65535
          },
          "sensitive_attributes": [],
          "private": "bnVsbA==",
          "dependencies": [
            "aws_network_acl.systems_dev_public_acl",
            "aws_subnet.systems_dev_public_subnet1",
            "aws_subnet.systems_dev_public_subnet2",
            "aws_vpc.systems_eks_vpc",
            "data.aws_availability_zones.available"
          ]
        }
      ]
    },
    {
      "mode": "managed",
      "type": "aws_route",
      "name": "systems_dev_internet_access",
      "provider": "provider[\"registry.terraform.io/hashicorp/aws\"]",
      "instances": [
        {
          "schema_version": 0,
          "attributes": {
            "carrier_gateway_id": "",
            "core_network_arn": "",
            "destination_cidr_block": "0.0.0.0/0",
            "destination_ipv6_cidr_block": "",
            "destination_prefix_list_id": "",
            "egress_only_gateway_id": "",
            "gateway_id": "igw-0bfcdc734d464500f",
            "id": "r-rtb-0f1ca11c586ce2bb91080289494",
            "instance_id": "",
            "instance_owner_id": "",
            "local_gateway_id": "",
            "nat_gateway_id": "",
            "network_interface_id": "",
            "origin": "CreateRoute",
            "route_table_id": "rtb-0f1ca11c586ce2bb9",
            "state": "active",
            "timeouts": null,
            "transit_gateway_id": "",
            "vpc_endpoint_id": "",
            "vpc_peering_connection_id": ""
          },
          "sensitive_attributes": [],
          "private": "eyJlMmJmYjczMC1lY2FhLTExZTYtOGY4OC0zNDM2M2JjN2M0YzAiOnsiY3JlYXRlIjozMDAwMDAwMDAwMDAsImRlbGV0ZSI6MzAwMDAwMDAwMDAwLCJ1cGRhdGUiOjEyMDAwMDAwMDAwMH19",
          "dependencies": [
            "aws_internet_gateway.systems_dev_igw",
            "aws_vpc.systems_eks_vpc"
          ]
        }
      ]
    },
    {
      "mode": "managed",
      "type": "aws_route",
      "name": "systems_dev_private_route",
      "provider": "provider[\"registry.terraform.io/hashicorp/aws\"]",
      "instances": [
        {
          "schema_version": 0,
          "attributes": {
            "carrier_gateway_id": "",
            "core_network_arn": "",
            "destination_cidr_block": "0.0.0.0/0",
            "destination_ipv6_cidr_block": "",
            "destination_prefix_list_id": "",
            "egress_only_gateway_id": "",
            "gateway_id": "",
            "id": "r-rtb-05ce8c1b9fa097b7d1080289494",
            "instance_id": "",
            "instance_owner_id": "",
            "local_gateway_id": "",
            "nat_gateway_id": "nat-033c44be13befefdb",
            "network_interface_id": "",
            "origin": "CreateRoute",
            "route_table_id": "rtb-05ce8c1b9fa097b7d",
            "state": "active",
            "timeouts": null,
            "transit_gateway_id": "",
            "vpc_endpoint_id": "",
            "vpc_peering_connection_id": ""
          },
          "sensitive_attributes": [],
          "private": "eyJlMmJmYjczMC1lY2FhLTExZTYtOGY4OC0zNDM2M2JjN2M0YzAiOnsiY3JlYXRlIjozMDAwMDAwMDAwMDAsImRlbGV0ZSI6MzAwMDAwMDAwMDAwLCJ1cGRhdGUiOjEyMDAwMDAwMDAwMH19",
          "dependencies": [
            "aws_eip.systems_dev_nat_eip",
            "aws_internet_gateway.systems_dev_igw",
            "aws_nat_gateway.systems_dev_nat",
            "aws_route_table.systems_dev_private_route_table",
            "aws_subnet.systems_dev_public_subnet1",
            "aws_vpc.systems_eks_vpc",
            "data.aws_availability_zones.available"
          ]
        }
      ]
    },
    {
      "mode": "managed",
      "type": "aws_route_table",
      "name": "systems_dev_private_route_table",
      "provider": "provider[\"registry.terraform.io/hashicorp/aws\"]",
      "instances": [
        {
          "schema_version": 0,
          "attributes": {
            "arn": "arn:aws:ec2:ap-northeast-2:807380035085:route-table/rtb-05ce8c1b9fa097b7d",
            "id": "rtb-05ce8c1b9fa097b7d",
            "owner_id": "807380035085",
            "propagating_vgws": [],
            "route": [],
            "tags": {
              "Name": "Private Route Table"
            },
            "tags_all": {
              "Name": "Private Route Table"
            },
            "timeouts": null,
            "vpc_id": "vpc-0c46c80eb059ca036"
          },
          "sensitive_attributes": [],
          "private": "eyJlMmJmYjczMC1lY2FhLTExZTYtOGY4OC0zNDM2M2JjN2M0YzAiOnsiY3JlYXRlIjozMDAwMDAwMDAwMDAsImRlbGV0ZSI6MzAwMDAwMDAwMDAwLCJ1cGRhdGUiOjEyMDAwMDAwMDAwMH19",
          "dependencies": [
            "aws_vpc.systems_eks_vpc"
          ]
        }
      ]
    },
    {
      "mode": "managed",
      "type": "aws_route_table_association",
      "name": "systems_dev_private_subnet1_association",
      "provider": "provider[\"registry.terraform.io/hashicorp/aws\"]",
      "instances": [
        {
          "schema_version": 0,
          "attributes": {
            "gateway_id": "",
            "id": "rtbassoc-07145e3fed4b7ec60",
            "route_table_id": "rtb-05ce8c1b9fa097b7d",
            "subnet_id": "subnet-04b370fb62ee7869c"
          },
          "sensitive_attributes": [],
          "private": "bnVsbA==",
          "dependencies": [
            "aws_route_table.systems_dev_private_route_table",
            "aws_subnet.systems_dev_private_subnet1",
            "aws_vpc.systems_eks_vpc",
            "data.aws_availability_zones.available"
          ]
        }
      ]
    },
    {
      "mode": "managed",
      "type": "aws_route_table_association",
      "name": "systems_dev_private_subnet2_assocation",
      "provider": "provider[\"registry.terraform.io/hashicorp/aws\"]",
      "instances": [
        {
          "schema_version": 0,
          "attributes": {
            "gateway_id": "",
            "id": "rtbassoc-03d5c574ec586f298",
            "route_table_id": "rtb-05ce8c1b9fa097b7d",
            "subnet_id": "subnet-0291f7df162a01c34"
          },
          "sensitive_attributes": [],
          "private": "bnVsbA==",
          "dependencies": [
            "aws_route_table.systems_dev_private_route_table",
            "aws_subnet.systems_dev_private_subnet2",
            "aws_vpc.systems_eks_vpc",
            "data.aws_availability_zones.available"
          ]
        }
      ]
    },
    {
      "mode": "managed",
      "type": "aws_route_table_association",
      "name": "systems_dev_public_subnet1_assocation",
      "provider": "provider[\"registry.terraform.io/hashicorp/aws\"]",
      "instances": [
        {
          "schema_version": 0,
          "attributes": {
            "gateway_id": "",
            "id": "rtbassoc-099c06cf8a370ecee",
            "route_table_id": "rtb-0f1ca11c586ce2bb9",
            "subnet_id": "subnet-02013ac11439ff198"
          },
          "sensitive_attributes": [],
          "private": "bnVsbA==",
          "dependencies": [
            "aws_subnet.systems_dev_public_subnet1",
            "aws_vpc.systems_eks_vpc",
            "data.aws_availability_zones.available"
          ]
        }
      ]
    },
    {
      "mode": "managed",
      "type": "aws_route_table_association",
      "name": "systems_dev_public_subnet2_assocation",
      "provider": "provider[\"registry.terraform.io/hashicorp/aws\"]",
      "instances": [
        {
          "schema_version": 0,
          "attributes": {
            "gateway_id": "",
            "id": "rtbassoc-03ed1c0928418b0cb",
            "route_table_id": "rtb-0f1ca11c586ce2bb9",
            "subnet_id": "subnet-0b29202ac2881093e"
          },
          "sensitive_attributes": [],
          "private": "bnVsbA==",
          "dependencies": [
            "aws_subnet.systems_dev_public_subnet2",
            "aws_vpc.systems_eks_vpc",
            "data.aws_availability_zones.available"
          ]
        }
      ]
    },
    {
      "mode": "managed",
      "type": "aws_s3_bucket",
      "name": "s3-alb",
      "provider": "provider[\"registry.terraform.io/hashicorp/aws\"]",
      "instances": [
        {
          "schema_version": 0,
          "attributes": {
            "acceleration_status": "",
            "acl": null,
            "arn": "arn:aws:s3:::systems-gateway-alb-log",
            "bucket": "systems-gateway-alb-log",
            "bucket_domain_name": "systems-gateway-alb-log.s3.amazonaws.com",
            "bucket_prefix": null,
            "bucket_regional_domain_name": "systems-gateway-alb-log.s3.ap-northeast-2.amazonaws.com",
            "cors_rule": [],
            "force_destroy": false,
            "grant": [
              {
                "id": "32ab24628e110d65105c63efb00b382cead763d3014e4f2ce6bd8b9226690652",
                "permissions": [
                  "FULL_CONTROL"
                ],
                "type": "CanonicalUser",
                "uri": ""
              }
            ],
            "hosted_zone_id": "Z3W03O7B5YMIYP",
            "id": "systems-gateway-alb-log",
            "lifecycle_rule": [],
            "logging": [],
            "object_lock_configuration": [],
            "object_lock_enabled": false,
            "policy": "",
            "region": "ap-northeast-2",
            "replication_configuration": [],
            "request_payer": "BucketOwner",
            "server_side_encryption_configuration": [],
            "tags": null,
            "tags_all": {},
            "versioning": [
              {
                "enabled": false,
                "mfa_delete": false
              }
            ],
            "website": [],
            "website_domain": null,
            "website_endpoint": null
          },
          "sensitive_attributes": [],
          "private": "bnVsbA=="
        }
      ]
    },
    {
      "mode": "managed",
      "type": "aws_s3_bucket_lifecycle_configuration",
      "name": "s3_lifecycle_rule",
      "provider": "provider[\"registry.terraform.io/hashicorp/aws\"]",
      "instances": [
        {
          "schema_version": 0,
          "attributes": {
            "bucket": "systems-gateway-alb-log",
            "expected_bucket_owner": "",
            "id": "systems-gateway-alb-log",
            "rule": [
              {
                "abort_incomplete_multipart_upload": [],
                "expiration": [
                  {
                    "date": "",
                    "days": 90,
                    "expired_object_delete_marker": false
                  }
                ],
                "filter": [
                  {
                    "and": [],
                    "object_size_greater_than": "",
                    "object_size_less_than": "",
                    "prefix": "",
                    "tag": []
                  }
                ],
                "id": "log_lifecycle",
                "noncurrent_version_expiration": [],
                "noncurrent_version_transition": [],
                "prefix": "",
                "status": "Enabled",
                "transition": [
                  {
                    "date": "",
                    "days": 30,
                    "storage_class": "GLACIER"
                  }
                ]
              }
            ]
          },
          "sensitive_attributes": [],
          "private": "bnVsbA==",
          "dependencies": [
            "aws_s3_bucket.s3-alb"
          ]
        }
      ]
    },
    {
      "mode": "managed",
      "type": "aws_s3_bucket_policy",
      "name": "s3_alb_log_policy",
      "provider": "provider[\"registry.terraform.io/hashicorp/aws\"]",
      "instances": [
        {
          "schema_version": 0,
          "attributes": {
            "bucket": "systems-gateway-alb-log",
            "id": "systems-gateway-alb-log",
            "policy": "{\n  \"Version\": \"2012-10-17\",\n  \"Statement\": [\n    {\n      \"Sid\": \"\",\n      \"Effect\": \"Allow\",\n      \"Action\": [\n        \"s3:PutObject\",\n        \"s3:GetObject\"\n      ],\n      \"Resource\": [\n        \"arn:aws:s3:::systems-gateway-alb-log/logserver-alb/*\",\n        \"arn:aws:s3:::systems-gateway-alb-log\"\n      ],\n      \"Principal\": {\n        \"AWS\": \"807380035085\"\n      }\n    }\n  ]\n}"
          },
          "sensitive_attributes": [],
          "private": "bnVsbA==",
          "dependencies": [
            "aws_s3_bucket.s3-alb",
            "data.aws_iam_policy_document.allow_access_policy"
          ]
        }
      ]
    },
    {
      "mode": "managed",
      "type": "aws_security_group",
      "name": "systems-dev-gateway-alb-sg",
      "provider": "provider[\"registry.terraform.io/hashicorp/aws\"]",
      "instances": [
        {
          "schema_version": 1,
          "attributes": {
            "arn": "arn:aws:ec2:ap-northeast-2:807380035085:security-group/sg-0e91a9ad7e2ec8f8c",
            "description": "Managed by Terraform",
            "egress": [
              {
                "cidr_blocks": [
                  "0.0.0.0/0"
                ],
                "description": "",
                "from_port": 0,
                "ipv6_cidr_blocks": [],
                "prefix_list_ids": [],
                "protocol": "-1",
                "security_groups": [],
                "self": false,
                "to_port": 0
              }
            ],
            "id": "sg-0e91a9ad7e2ec8f8c",
            "ingress": [
              {
                "cidr_blocks": [
                  "0.0.0.0/0"
                ],
                "description": "",
                "from_port": 443,
                "ipv6_cidr_blocks": [],
                "prefix_list_ids": [],
                "protocol": "tcp",
                "security_groups": [],
                "self": false,
                "to_port": 443
              },
              {
                "cidr_blocks": [
                  "0.0.0.0/0"
                ],
                "description": "",
                "from_port": 80,
                "ipv6_cidr_blocks": [],
                "prefix_list_ids": [],
                "protocol": "tcp",
                "security_groups": [],
                "self": false,
                "to_port": 80
              }
            ],
            "name": "terraform-2022052311260882400000000a",
            "name_prefix": "terraform-",
            "owner_id": "807380035085",
            "revoke_rules_on_delete": false,
            "tags": {
              "Name": "systems-dev-gateway-alb-sg",
              "Service": "DEV"
            },
            "tags_all": {
              "Name": "systems-dev-gateway-alb-sg",
              "Service": "DEV"
            },
            "timeouts": null,
            "vpc_id": "vpc-0c46c80eb059ca036"
          },
          "sensitive_attributes": [],
          "private": "eyJlMmJmYjczMC1lY2FhLTExZTYtOGY4OC0zNDM2M2JjN2M0YzAiOnsiY3JlYXRlIjo2MDAwMDAwMDAwMDAsImRlbGV0ZSI6OTAwMDAwMDAwMDAwfSwic2NoZW1hX3ZlcnNpb24iOiIxIn0=",
          "dependencies": [
            "aws_vpc.systems_eks_vpc"
          ]
        }
      ]
    },
    {
      "mode": "managed",
      "type": "aws_security_group",
      "name": "systems-dev-logserver-alb-sg",
      "provider": "provider[\"registry.terraform.io/hashicorp/aws\"]",
      "instances": [
        {
          "schema_version": 1,
          "attributes": {
            "arn": "arn:aws:ec2:ap-northeast-2:807380035085:security-group/sg-0acecbe47b7bd6130",
            "description": "Managed by Terraform",
            "egress": [
              {
                "cidr_blocks": [
                  "0.0.0.0/0"
                ],
                "description": "",
                "from_port": 0,
                "ipv6_cidr_blocks": [],
                "prefix_list_ids": [],
                "protocol": "-1",
                "security_groups": [],
                "self": false,
                "to_port": 0
              }
            ],
            "id": "sg-0acecbe47b7bd6130",
            "ingress": [
              {
                "cidr_blocks": [
                  "0.0.0.0/0"
                ],
                "description": "",
                "from_port": 3000,
                "ipv6_cidr_blocks": [],
                "prefix_list_ids": [],
                "protocol": "tcp",
                "security_groups": [],
                "self": false,
                "to_port": 3000
              },
              {
                "cidr_blocks": [
                  "0.0.0.0/0"
                ],
                "description": "",
                "from_port": 5601,
                "ipv6_cidr_blocks": [],
                "prefix_list_ids": [],
                "protocol": "tcp",
                "security_groups": [],
                "self": false,
                "to_port": 5601
              },
              {
                "cidr_blocks": [
                  "0.0.0.0/0"
                ],
                "description": "",
                "from_port": 9100,
                "ipv6_cidr_blocks": [],
                "prefix_list_ids": [],
                "protocol": "tcp",
                "security_groups": [],
                "self": false,
                "to_port": 9100
              }
            ],
            "name": "terraform-2022052311260948070000000b",
            "name_prefix": "terraform-",
            "owner_id": "807380035085",
            "revoke_rules_on_delete": false,
            "tags": {
              "Name": "systems-dev-logserver-alb-sg",
              "Service": "DEV"
            },
            "tags_all": {
              "Name": "systems-dev-logserver-alb-sg",
              "Service": "DEV"
            },
            "timeouts": null,
            "vpc_id": "vpc-0c46c80eb059ca036"
          },
          "sensitive_attributes": [],
          "private": "eyJlMmJmYjczMC1lY2FhLTExZTYtOGY4OC0zNDM2M2JjN2M0YzAiOnsiY3JlYXRlIjo2MDAwMDAwMDAwMDAsImRlbGV0ZSI6OTAwMDAwMDAwMDAwfSwic2NoZW1hX3ZlcnNpb24iOiIxIn0=",
          "dependencies": [
            "aws_vpc.systems_eks_vpc"
          ]
        }
      ]
    },
    {
      "mode": "managed",
      "type": "aws_security_group",
      "name": "systems-eks-cluster-sg",
      "provider": "provider[\"registry.terraform.io/hashicorp/aws\"]",
      "instances": [
        {
          "schema_version": 1,
          "attributes": {
            "arn": "arn:aws:ec2:ap-northeast-2:807380035085:security-group/sg-0cbc30ceb65f60a41",
            "description": "Cluster communication with worker nodes",
            "egress": [
              {
                "cidr_blocks": [
                  "0.0.0.0/0"
                ],
                "description": "",
                "from_port": 0,
                "ipv6_cidr_blocks": [],
                "prefix_list_ids": [],
                "protocol": "-1",
                "security_groups": [],
                "self": false,
                "to_port": 0
              }
            ],
            "id": "sg-0cbc30ceb65f60a41",
            "ingress": [],
            "name": "systems-eks-cluster-sg",
            "name_prefix": "",
            "owner_id": "807380035085",
            "revoke_rules_on_delete": false,
            "tags": {
              "Name": "systems-eks-cluster-sg"
            },
            "tags_all": {
              "Name": "systems-eks-cluster-sg"
            },
            "timeouts": null,
            "vpc_id": "vpc-0c46c80eb059ca036"
          },
          "sensitive_attributes": [],
          "private": "eyJlMmJmYjczMC1lY2FhLTExZTYtOGY4OC0zNDM2M2JjN2M0YzAiOnsiY3JlYXRlIjo2MDAwMDAwMDAwMDAsImRlbGV0ZSI6OTAwMDAwMDAwMDAwfSwic2NoZW1hX3ZlcnNpb24iOiIxIn0=",
          "dependencies": [
            "aws_vpc.systems_eks_vpc"
          ]
        }
      ]
    },
    {
      "mode": "managed",
      "type": "aws_security_group",
      "name": "systems_dev_bastion_sg",
      "provider": "provider[\"registry.terraform.io/hashicorp/aws\"]",
      "instances": [
        {
          "schema_version": 1,
          "attributes": {
            "arn": "arn:aws:ec2:ap-northeast-2:807380035085:security-group/sg-0f0036809a84c93ba",
            "description": "Security group for bastion instance",
            "egress": [
              {
                "cidr_blocks": [
                  "0.0.0.0/0"
                ],
                "description": "",
                "from_port": 0,
                "ipv6_cidr_blocks": [],
                "prefix_list_ids": [],
                "protocol": "-1",
                "security_groups": [],
                "self": false,
                "to_port": 0
              }
            ],
            "id": "sg-0f0036809a84c93ba",
            "ingress": [
              {
                "cidr_blocks": [
                  "0.0.0.0/0"
                ],
                "description": "",
                "from_port": 22,
                "ipv6_cidr_blocks": [],
                "prefix_list_ids": [],
                "protocol": "tcp",
                "security_groups": [],
                "self": false,
                "to_port": 22
              }
            ],
            "name": "bastion_instance_sg",
            "name_prefix": "",
            "owner_id": "807380035085",
            "revoke_rules_on_delete": false,
            "tags": {
              "Name": "Bastion Host Security Group"
            },
            "tags_all": {
              "Name": "Bastion Host Security Group"
            },
            "timeouts": null,
            "vpc_id": "vpc-0c46c80eb059ca036"
          },
          "sensitive_attributes": [],
          "private": "eyJlMmJmYjczMC1lY2FhLTExZTYtOGY4OC0zNDM2M2JjN2M0YzAiOnsiY3JlYXRlIjo2MDAwMDAwMDAwMDAsImRlbGV0ZSI6OTAwMDAwMDAwMDAwfSwic2NoZW1hX3ZlcnNpb24iOiIxIn0=",
          "dependencies": [
            "aws_vpc.systems_eks_vpc"
          ]
        }
      ]
    },
    {
      "mode": "managed",
      "type": "aws_security_group",
      "name": "systems_dev_logserver_sg",
      "provider": "provider[\"registry.terraform.io/hashicorp/aws\"]",
      "instances": [
        {
          "schema_version": 1,
          "attributes": {
            "arn": "arn:aws:ec2:ap-northeast-2:807380035085:security-group/sg-053039a6510d204da",
            "description": "Security group for Log Server instance",
            "egress": [
              {
                "cidr_blocks": [
                  "0.0.0.0/0"
                ],
                "description": "",
                "from_port": 0,
                "ipv6_cidr_blocks": [],
                "prefix_list_ids": [],
                "protocol": "-1",
                "security_groups": [],
                "self": false,
                "to_port": 0
              }
            ],
            "id": "sg-053039a6510d204da",
            "ingress": [
              {
                "cidr_blocks": [
                  "0.0.0.0/0"
                ],
                "description": "",
                "from_port": 22,
                "ipv6_cidr_blocks": [],
                "prefix_list_ids": [],
                "protocol": "tcp",
                "security_groups": [],
                "self": false,
                "to_port": 22
              },
              {
                "cidr_blocks": [
                  "0.0.0.0/0"
                ],
                "description": "",
                "from_port": 3000,
                "ipv6_cidr_blocks": [],
                "prefix_list_ids": [],
                "protocol": "tcp",
                "security_groups": [],
                "self": false,
                "to_port": 3000
              },
              {
                "cidr_blocks": [
                  "0.0.0.0/0"
                ],
                "description": "",
                "from_port": 5044,
                "ipv6_cidr_blocks": [],
                "prefix_list_ids": [],
                "protocol": "tcp",
                "security_groups": [],
                "self": false,
                "to_port": 5044
              },
              {
                "cidr_blocks": [
                  "0.0.0.0/0"
                ],
                "description": "",
                "from_port": 5601,
                "ipv6_cidr_blocks": [],
                "prefix_list_ids": [],
                "protocol": "tcp",
                "security_groups": [],
                "self": false,
                "to_port": 5601
              },
              {
                "cidr_blocks": [
                  "0.0.0.0/0"
                ],
                "description": "",
                "from_port": 8080,
                "ipv6_cidr_blocks": [],
                "prefix_list_ids": [],
                "protocol": "tcp",
                "security_groups": [],
                "self": false,
                "to_port": 8080
              },
              {
                "cidr_blocks": [
                  "0.0.0.0/0"
                ],
                "description": "",
                "from_port": 9100,
                "ipv6_cidr_blocks": [],
                "prefix_list_ids": [],
                "protocol": "tcp",
                "security_groups": [],
                "self": false,
                "to_port": 9100
              },
              {
                "cidr_blocks": [
                  "0.0.0.0/0"
                ],
                "description": "",
                "from_port": 9200,
                "ipv6_cidr_blocks": [],
                "prefix_list_ids": [],
                "protocol": "tcp",
                "security_groups": [],
                "self": false,
                "to_port": 9200
              }
            ],
            "name": "systems_dev_logserver_sg",
            "name_prefix": "",
            "owner_id": "807380035085",
            "revoke_rules_on_delete": false,
            "tags": {
              "Name": "Log Server Instance Security Group"
            },
            "tags_all": {
              "Name": "Log Server Instance Security Group"
            },
            "timeouts": null,
            "vpc_id": "vpc-0c46c80eb059ca036"
          },
          "sensitive_attributes": [],
          "private": "eyJlMmJmYjczMC1lY2FhLTExZTYtOGY4OC0zNDM2M2JjN2M0YzAiOnsiY3JlYXRlIjo2MDAwMDAwMDAwMDAsImRlbGV0ZSI6OTAwMDAwMDAwMDAwfSwic2NoZW1hX3ZlcnNpb24iOiIxIn0=",
          "dependencies": [
            "aws_vpc.systems_eks_vpc"
          ]
        }
      ]
    },
    {
      "mode": "managed",
      "type": "aws_subnet",
      "name": "systems_dev_private_subnet1",
      "provider": "provider[\"registry.terraform.io/hashicorp/aws\"]",
      "instances": [
        {
          "schema_version": 1,
          "attributes": {
            "arn": "arn:aws:ec2:ap-northeast-2:807380035085:subnet/subnet-04b370fb62ee7869c",
            "assign_ipv6_address_on_creation": false,
            "availability_zone": "ap-northeast-2a",
            "availability_zone_id": "apne2-az1",
            "cidr_block": "10.2.10.0/24",
            "customer_owned_ipv4_pool": "",
            "enable_dns64": false,
            "enable_resource_name_dns_a_record_on_launch": false,
            "enable_resource_name_dns_aaaa_record_on_launch": false,
            "id": "subnet-04b370fb62ee7869c",
            "ipv6_cidr_block": "",
            "ipv6_cidr_block_association_id": "",
            "ipv6_native": false,
            "map_customer_owned_ip_on_launch": false,
            "map_public_ip_on_launch": false,
            "outpost_arn": "",
            "owner_id": "807380035085",
            "private_dns_hostname_type_on_launch": "ip-name",
            "tags": {
              "Name": "private-subnet-az1",
              "kubernates.io/cluster/systems-eks-cluster": "shared"
            },
            "tags_all": {
              "Name": "private-subnet-az1",
              "kubernates.io/cluster/systems-eks-cluster": "shared"
            },
            "timeouts": null,
            "vpc_id": "vpc-0c46c80eb059ca036"
          },
          "sensitive_attributes": [],
          "private": "eyJlMmJmYjczMC1lY2FhLTExZTYtOGY4OC0zNDM2M2JjN2M0YzAiOnsiY3JlYXRlIjo2MDAwMDAwMDAwMDAsImRlbGV0ZSI6MTIwMDAwMDAwMDAwMH0sInNjaGVtYV92ZXJzaW9uIjoiMSJ9",
          "dependencies": [
            "aws_vpc.systems_eks_vpc",
            "data.aws_availability_zones.available"
          ]
        }
      ]
    },
    {
      "mode": "managed",
      "type": "aws_subnet",
      "name": "systems_dev_private_subnet2",
      "provider": "provider[\"registry.terraform.io/hashicorp/aws\"]",
      "instances": [
        {
          "schema_version": 1,
          "attributes": {
            "arn": "arn:aws:ec2:ap-northeast-2:807380035085:subnet/subnet-0291f7df162a01c34",
            "assign_ipv6_address_on_creation": false,
            "availability_zone": "ap-northeast-2c",
            "availability_zone_id": "apne2-az3",
            "cidr_block": "10.2.11.0/24",
            "customer_owned_ipv4_pool": "",
            "enable_dns64": false,
            "enable_resource_name_dns_a_record_on_launch": false,
            "enable_resource_name_dns_aaaa_record_on_launch": false,
            "id": "subnet-0291f7df162a01c34",
            "ipv6_cidr_block": "",
            "ipv6_cidr_block_association_id": "",
            "ipv6_native": false,
            "map_customer_owned_ip_on_launch": false,
            "map_public_ip_on_launch": false,
            "outpost_arn": "",
            "owner_id": "807380035085",
            "private_dns_hostname_type_on_launch": "ip-name",
            "tags": {
              "Name": "private-subnet-az2",
              "kubernates.io/cluster/systems-eks-cluster": "shared"
            },
            "tags_all": {
              "Name": "private-subnet-az2",
              "kubernates.io/cluster/systems-eks-cluster": "shared"
            },
            "timeouts": null,
            "vpc_id": "vpc-0c46c80eb059ca036"
          },
          "sensitive_attributes": [],
          "private": "eyJlMmJmYjczMC1lY2FhLTExZTYtOGY4OC0zNDM2M2JjN2M0YzAiOnsiY3JlYXRlIjo2MDAwMDAwMDAwMDAsImRlbGV0ZSI6MTIwMDAwMDAwMDAwMH0sInNjaGVtYV92ZXJzaW9uIjoiMSJ9",
          "dependencies": [
            "aws_vpc.systems_eks_vpc",
            "data.aws_availability_zones.available"
          ]
        }
      ]
    },
    {
      "mode": "managed",
      "type": "aws_subnet",
      "name": "systems_dev_public_subnet1",
      "provider": "provider[\"registry.terraform.io/hashicorp/aws\"]",
      "instances": [
        {
          "schema_version": 1,
          "attributes": {
            "arn": "arn:aws:ec2:ap-northeast-2:807380035085:subnet/subnet-02013ac11439ff198",
            "assign_ipv6_address_on_creation": false,
            "availability_zone": "ap-northeast-2a",
            "availability_zone_id": "apne2-az1",
            "cidr_block": "10.2.1.0/24",
            "customer_owned_ipv4_pool": "",
            "enable_dns64": false,
            "enable_resource_name_dns_a_record_on_launch": false,
            "enable_resource_name_dns_aaaa_record_on_launch": false,
            "id": "subnet-02013ac11439ff198",
            "ipv6_cidr_block": "",
            "ipv6_cidr_block_association_id": "",
            "ipv6_native": false,
            "map_customer_owned_ip_on_launch": false,
            "map_public_ip_on_launch": true,
            "outpost_arn": "",
            "owner_id": "807380035085",
            "private_dns_hostname_type_on_launch": "ip-name",
            "tags": {
              "Name": "public-subnet-az1",
              "kubernates.io/cluster/systems-eks-cluster": "shared"
            },
            "tags_all": {
              "Name": "public-subnet-az1",
              "kubernates.io/cluster/systems-eks-cluster": "shared"
            },
            "timeouts": null,
            "vpc_id": "vpc-0c46c80eb059ca036"
          },
          "sensitive_attributes": [],
          "private": "eyJlMmJmYjczMC1lY2FhLTExZTYtOGY4OC0zNDM2M2JjN2M0YzAiOnsiY3JlYXRlIjo2MDAwMDAwMDAwMDAsImRlbGV0ZSI6MTIwMDAwMDAwMDAwMH0sInNjaGVtYV92ZXJzaW9uIjoiMSJ9",
          "dependencies": [
            "aws_vpc.systems_eks_vpc",
            "data.aws_availability_zones.available"
          ]
        }
      ]
    },
    {
      "mode": "managed",
      "type": "aws_subnet",
      "name": "systems_dev_public_subnet2",
      "provider": "provider[\"registry.terraform.io/hashicorp/aws\"]",
      "instances": [
        {
          "schema_version": 1,
          "attributes": {
            "arn": "arn:aws:ec2:ap-northeast-2:807380035085:subnet/subnet-0b29202ac2881093e",
            "assign_ipv6_address_on_creation": false,
            "availability_zone": "ap-northeast-2c",
            "availability_zone_id": "apne2-az3",
            "cidr_block": "10.2.2.0/24",
            "customer_owned_ipv4_pool": "",
            "enable_dns64": false,
            "enable_resource_name_dns_a_record_on_launch": false,
            "enable_resource_name_dns_aaaa_record_on_launch": false,
            "id": "subnet-0b29202ac2881093e",
            "ipv6_cidr_block": "",
            "ipv6_cidr_block_association_id": "",
            "ipv6_native": false,
            "map_customer_owned_ip_on_launch": false,
            "map_public_ip_on_launch": true,
            "outpost_arn": "",
            "owner_id": "807380035085",
            "private_dns_hostname_type_on_launch": "ip-name",
            "tags": {
              "Name": "public-subnet-az2",
              "kubernates.io/cluster/systems-eks-cluster": "shared"
            },
            "tags_all": {
              "Name": "public-subnet-az2",
              "kubernates.io/cluster/systems-eks-cluster": "shared"
            },
            "timeouts": null,
            "vpc_id": "vpc-0c46c80eb059ca036"
          },
          "sensitive_attributes": [],
          "private": "eyJlMmJmYjczMC1lY2FhLTExZTYtOGY4OC0zNDM2M2JjN2M0YzAiOnsiY3JlYXRlIjo2MDAwMDAwMDAwMDAsImRlbGV0ZSI6MTIwMDAwMDAwMDAwMH0sInNjaGVtYV92ZXJzaW9uIjoiMSJ9",
          "dependencies": [
            "aws_vpc.systems_eks_vpc",
            "data.aws_availability_zones.available"
          ]
        }
      ]
    },
    {
      "mode": "managed",
      "type": "aws_vpc",
      "name": "systems_eks_vpc",
      "provider": "provider[\"registry.terraform.io/hashicorp/aws\"]",
      "instances": [
        {
          "schema_version": 1,
          "attributes": {
            "arn": "arn:aws:ec2:ap-northeast-2:807380035085:vpc/vpc-0c46c80eb059ca036",
            "assign_generated_ipv6_cidr_block": false,
            "cidr_block": "10.2.0.0/16",
            "default_network_acl_id": "acl-08a287eb18e271dec",
            "default_route_table_id": "rtb-0f1ca11c586ce2bb9",
            "default_security_group_id": "sg-01caef59793e04071",
            "dhcp_options_id": "dopt-08f9f747b5b5d6bed",
            "enable_classiclink": false,
            "enable_classiclink_dns_support": false,
            "enable_dns_hostnames": true,
            "enable_dns_support": true,
            "id": "vpc-0c46c80eb059ca036",
            "instance_tenancy": "default",
            "ipv4_ipam_pool_id": null,
            "ipv4_netmask_length": null,
            "ipv6_association_id": "",
            "ipv6_cidr_block": "",
            "ipv6_cidr_block_network_border_group": "",
            "ipv6_ipam_pool_id": "",
            "ipv6_netmask_length": 0,
            "main_route_table_id": "rtb-0f1ca11c586ce2bb9",
            "owner_id": "807380035085",
            "tags": {
              "Name": "BithumbSystems EKS VPC",
              "kubernates.io/cluster/systems-eks-cluster": "shared"
            },
            "tags_all": {
              "Name": "BithumbSystems EKS VPC",
              "kubernates.io/cluster/systems-eks-cluster": "shared"
            }
          },
          "sensitive_attributes": [],
          "private": "eyJzY2hlbWFfdmVyc2lvbiI6IjEifQ=="
        }
      ]
    },
    {
      "mode": "managed",
      "type": "kubernetes_role_binding",
      "name": "namespace-viewer",
      "provider": "provider[\"registry.terraform.io/hashicorp/kubernetes\"]",
      "instances": []
    }
  ]
}
