{
  "version": 4,
  "terraform_version": "1.1.7",
  "serial": 406,
  "lineage": "e37868b2-0083-3a31-6b15-f3eb09e344b0",
  "outputs": {},
  "resources": [
    {
      "mode": "data",
      "type": "aws_availability_zones",
      "name": "available",
      "provider": "provider[\"registry.terraform.io/hashicorp/aws\"]",
      "instances": [
        {
          "schema_version": 0,
          "attributes": {
            "all_availability_zones": null,
            "exclude_names": [
              "ap-northeast-2b",
              "ap-northeast-2d"
            ],
            "exclude_zone_ids": null,
            "filter": null,
            "group_names": [
              "ap-northeast-2"
            ],
            "id": "ap-northeast-2",
            "names": [
              "ap-northeast-2a",
              "ap-northeast-2c"
            ],
            "state": null,
            "zone_ids": [
              "apne2-az1",
              "apne2-az3"
            ]
          },
          "sensitive_attributes": []
        }
      ]
    },
    {
      "mode": "managed",
      "type": "aws_eks_cluster",
      "name": "systems-eks-cluster",
      "provider": "provider[\"registry.terraform.io/hashicorp/aws\"]",
      "instances": [
        {
          "schema_version": 0,
          "attributes": {
            "arn": "arn:aws:eks:ap-northeast-2:807380035085:cluster/systems-eks-cluster",
            "certificate_authority": [
              {
                "data": "LS0tLS1CRUdJTiBDRVJUSUZJQ0FURS0tLS0tCk1JSUM1ekNDQWMrZ0F3SUJBZ0lCQURBTkJna3Foa2lHOXcwQkFRc0ZBREFWTVJNd0VRWURWUVFERXdwcmRXSmwKY201bGRHVnpNQjRYRFRJeU1ETXhNVEV4TVRNd01Wb1hEVE15TURNd09ERXhNVE13TVZvd0ZURVRNQkVHQTFVRQpBeE1LYTNWaVpYSnVaWFJsY3pDQ0FTSXdEUVlKS29aSWh2Y05BUUVCQlFBRGdnRVBBRENDQVFvQ2dnRUJBUEZMClJIeEswRnRqT0drYnQwZWs0YjBhVHk2RjZaOVR1WlJETVRqK2dpMzdjNkNZQTFHNHl0dkV6MUM4My9DM3NpcSsKeUIyL2xjZ1JEWTVVKyszOVcrY2Jtd2VaNDJDYmllYXlQa1VlRnRYNlhlc1FuNGpKQkxjS3lzdlFJSXJUb05Fago5djY4UEtLenBCa1prTm4zdlRDOS9kc3BXWlJZRG9PdFhRV1Vta0IrR3prNCtvc1pzcXNKbFNrWUZRMW9kbWtyCmU4MXMrakVicUZ6RnRjaSs0amNVeENkK1ZRc3MyMHpHbFM3Q0lEc0JMbFNaVEtvOFVYb1o1Zm5VK1JOUGJ0c3AKNjA3SWpUQ2dZNnFKNWorQk1SQUhCcytqTUE0Z3NFNVBqbkRqd2s3MUtxS0F4Sk1GZzdHY2phUHYySlk3MXhsVwpDMTcvckI0Wm9keksxY1VxOGNNQ0F3RUFBYU5DTUVBd0RnWURWUjBQQVFIL0JBUURBZ0trTUE4R0ExVWRFd0VCCi93UUZNQU1CQWY4d0hRWURWUjBPQkJZRUZPbVhzY3FHYXZpMEpnU0xibmV3YkMwQWhjZjhNQTBHQ1NxR1NJYjMKRFFFQkN3VUFBNElCQVFDSGNxRzkzY2Zyak1yUTE2eGlFcUg5b0oya1p5aittRjF6RUMxMnZkKzJTeStMOEs1VAp2aGlmWkJFU1I1WWkxeFRNK0poNEU0aDhqOVlYVnlqQUVDdDArQXNCUkE3elR4QXl4L2RRR3R2b1k3Qm5QQUo1CjY5dEV5eHR1QW40eXAwaS9SaXdTMVNLWWM5TVg0bFRDVCtXTlFJOWY4OURsYWZiR2dqdWprQzZUMERWMDRNWVMKbUtZVEtQTDNrOXVrWW1CK1RQcUtDUS9ZdFJWTEN1M1hNcFI5VTFjVEhhc1l6S29LdzBiZDVqa1hmRGR0ODhjTApTMjU5UDJKeTdSWmpwODAxR1grRjZ2RWIwaDFKNHA3ekdiaWNmTUZXUHZJcXRHL1RieXRuUmRhYUxraDE1a2lRCnBncDRhZjdVeHpyZ1IyZENMWXJIUEVPY09McERlOUd3R2FzRwotLS0tLUVORCBDRVJUSUZJQ0FURS0tLS0tCg=="
              }
            ],
            "created_at": "2022-03-11 11:07:11.22 +0000 UTC",
            "enabled_cluster_log_types": [
              "api",
              "audit",
              "authenticator",
              "controllerManager",
              "scheduler"
            ],
            "encryption_config": [],
            "endpoint": "https://58EE059E17519A6BE5F2FF90AA5C7B72.gr7.ap-northeast-2.eks.amazonaws.com",
            "id": "systems-eks-cluster",
            "identity": [
              {
                "oidc": [
                  {
                    "issuer": "https://oidc.eks.ap-northeast-2.amazonaws.com/id/58EE059E17519A6BE5F2FF90AA5C7B72"
                  }
                ]
              }
            ],
            "kubernetes_network_config": [
              {
                "ip_family": "ipv4",
                "service_ipv4_cidr": "172.20.0.0/16"
              }
            ],
            "name": "systems-eks-cluster",
            "platform_version": "eks.5",
            "role_arn": "arn:aws:iam::807380035085:role/systems-eks-cluster-role",
            "status": "ACTIVE",
            "tags": {},
            "tags_all": {},
            "timeouts": null,
            "version": "1.21",
            "vpc_config": [
              {
                "cluster_security_group_id": "sg-05c8515c17134bf9d",
                "endpoint_private_access": true,
                "endpoint_public_access": true,
                "public_access_cidrs": [
                  "0.0.0.0/0"
                ],
                "security_group_ids": [
                  "sg-06cb1eb9ffb34fa0d"
                ],
                "subnet_ids": [
                  "subnet-098961ac5675e35ea",
                  "subnet-09f654639dbe8ee59",
                  "subnet-0a443a2f557536e7f",
                  "subnet-0a5540ffeb86597f7"
                ],
                "vpc_id": "vpc-0367b096a2158b36e"
              }
            ]
          },
          "sensitive_attributes": [],
          "private": "eyJlMmJmYjczMC1lY2FhLTExZTYtOGY4OC0zNDM2M2JjN2M0YzAiOnsiY3JlYXRlIjoxODAwMDAwMDAwMDAwLCJkZWxldGUiOjkwMDAwMDAwMDAwMCwidXBkYXRlIjozNjAwMDAwMDAwMDAwfX0=",
          "dependencies": [
            "aws_iam_role.systems-eks-cluster-role",
            "aws_iam_role_policy_attachment.systems-eks-cluster-AmazonEKSClusterPolicy",
            "aws_iam_role_policy_attachment.systems-eks-cluster-AmazonEKSVPCResourceController",
            "aws_security_group.systems-ekc-cluster-sg",
            "aws_subnet.systems_dev_private_subnet1",
            "aws_subnet.systems_dev_private_subnet2",
            "aws_subnet.systems_dev_public_subnet1",
            "aws_subnet.systems_dev_public_subnet2",
            "aws_vpc.systems_dev_vpc",
            "data.aws_availability_zones.available"
          ]
        }
      ]
    },
    {
      "mode": "managed",
      "type": "aws_iam_role",
      "name": "systems-eks-cluster-role",
      "provider": "provider[\"registry.terraform.io/hashicorp/aws\"]",
      "instances": [
        {
          "schema_version": 0,
          "attributes": {
            "arn": "arn:aws:iam::807380035085:role/systems-eks-cluster-role",
            "assume_role_policy": "{\"Version\":\"2012-10-17\",\"Statement\":[{\"Effect\":\"Allow\",\"Principal\":{\"Service\":\"eks.amazonaws.com\"},\"Action\":\"sts:AssumeRole\"}]}",
            "create_date": "2022-03-11T10:42:16Z",
            "description": "",
            "force_detach_policies": false,
            "id": "systems-eks-cluster-role",
            "inline_policy": [
              {
                "name": "",
                "policy": ""
              }
            ],
            "managed_policy_arns": [
              "arn:aws:iam::aws:policy/AmazonEKSClusterPolicy",
              "arn:aws:iam::aws:policy/AmazonEKSVPCResourceController"
            ],
            "max_session_duration": 3600,
            "name": "systems-eks-cluster-role",
            "name_prefix": "",
            "path": "/",
            "permissions_boundary": null,
            "tags": {},
            "tags_all": {},
            "unique_id": "AROA3X64ZUYGTWR6OETCB"
          },
          "sensitive_attributes": [],
          "private": "bnVsbA=="
        }
      ]
    },
    {
      "mode": "managed",
      "type": "aws_iam_role_policy_attachment",
      "name": "systems-eks-cluster-AmazonEKSClusterPolicy",
      "provider": "provider[\"registry.terraform.io/hashicorp/aws\"]",
      "instances": [
        {
          "schema_version": 0,
          "attributes": {
            "id": "systems-eks-cluster-role-20220311104337219000000005",
            "policy_arn": "arn:aws:iam::aws:policy/AmazonEKSClusterPolicy",
            "role": "systems-eks-cluster-role"
          },
          "sensitive_attributes": [],
          "private": "bnVsbA==",
          "dependencies": [
            "aws_iam_role.systems-eks-cluster-role"
          ]
        }
      ]
    },
    {
      "mode": "managed",
      "type": "aws_iam_role_policy_attachment",
      "name": "systems-eks-cluster-AmazonEKSVPCResourceController",
      "provider": "provider[\"registry.terraform.io/hashicorp/aws\"]",
      "instances": [
        {
          "schema_version": 0,
          "attributes": {
            "id": "systems-eks-cluster-role-20220311104337192300000004",
            "policy_arn": "arn:aws:iam::aws:policy/AmazonEKSVPCResourceController",
            "role": "systems-eks-cluster-role"
          },
          "sensitive_attributes": [],
          "private": "bnVsbA==",
          "dependencies": [
            "aws_iam_role.systems-eks-cluster-role"
          ]
        }
      ]
    },
    {
      "mode": "managed",
      "type": "aws_security_group",
      "name": "systems-ekc-cluster-sg",
      "provider": "provider[\"registry.terraform.io/hashicorp/aws\"]",
      "instances": [
        {
          "schema_version": 1,
          "attributes": {
            "arn": "arn:aws:ec2:ap-northeast-2:807380035085:security-group/sg-06cb1eb9ffb34fa0d",
            "description": "Cluster communication with worker nodes",
            "egress": [
              {
                "cidr_blocks": [
                  "0.0.0.0/0"
                ],
                "description": "",
                "from_port": 0,
                "ipv6_cidr_blocks": [],
                "prefix_list_ids": [],
                "protocol": "-1",
                "security_groups": [],
                "self": false,
                "to_port": 0
              }
            ],
            "id": "sg-06cb1eb9ffb34fa0d",
            "ingress": [],
            "name": "systems-ekc-cluster-sg",
            "name_prefix": "",
            "owner_id": "807380035085",
            "revoke_rules_on_delete": false,
            "tags": {
              "Name": "systems-eks-cluster-sg"
            },
            "tags_all": {
              "Name": "systems-eks-cluster-sg"
            },
            "timeouts": null,
            "vpc_id": "vpc-0367b096a2158b36e"
          },
          "sensitive_attributes": [],
          "private": "eyJlMmJmYjczMC1lY2FhLTExZTYtOGY4OC0zNDM2M2JjN2M0YzAiOnsiY3JlYXRlIjo2MDAwMDAwMDAwMDAsImRlbGV0ZSI6OTAwMDAwMDAwMDAwfSwic2NoZW1hX3ZlcnNpb24iOiIxIn0=",
          "dependencies": [
            "aws_vpc.systems_dev_vpc"
          ]
        }
      ]
    },
    {
      "mode": "managed",
      "type": "aws_subnet",
      "name": "systems_dev_private_subnet1",
      "provider": "provider[\"registry.terraform.io/hashicorp/aws\"]",
      "instances": [
        {
          "schema_version": 1,
          "attributes": {
            "arn": "arn:aws:ec2:ap-northeast-2:807380035085:subnet/subnet-098961ac5675e35ea",
            "assign_ipv6_address_on_creation": false,
            "availability_zone": "ap-northeast-2a",
            "availability_zone_id": "apne2-az1",
            "cidr_block": "10.10.10.0/24",
            "customer_owned_ipv4_pool": "",
            "enable_dns64": false,
            "enable_resource_name_dns_a_record_on_launch": false,
            "enable_resource_name_dns_aaaa_record_on_launch": false,
            "id": "subnet-098961ac5675e35ea",
            "ipv6_cidr_block": "",
            "ipv6_cidr_block_association_id": "",
            "ipv6_native": false,
            "map_customer_owned_ip_on_launch": false,
            "map_public_ip_on_launch": false,
            "outpost_arn": "",
            "owner_id": "807380035085",
            "private_dns_hostname_type_on_launch": "ip-name",
            "tags": {
              "Name": "private-subnet-az1",
              "kubernates.io/cluster/systems-eks-cluster": "shared"
            },
            "tags_all": {
              "Name": "private-subnet-az1",
              "kubernates.io/cluster/systems-eks-cluster": "shared"
            },
            "timeouts": null,
            "vpc_id": "vpc-0367b096a2158b36e"
          },
          "sensitive_attributes": [],
          "private": "eyJlMmJmYjczMC1lY2FhLTExZTYtOGY4OC0zNDM2M2JjN2M0YzAiOnsiY3JlYXRlIjo2MDAwMDAwMDAwMDAsImRlbGV0ZSI6MTIwMDAwMDAwMDAwMH0sInNjaGVtYV92ZXJzaW9uIjoiMSJ9",
          "dependencies": [
            "aws_vpc.systems_dev_vpc",
            "data.aws_availability_zones.available"
          ]
        }
      ]
    },
    {
      "mode": "managed",
      "type": "aws_subnet",
      "name": "systems_dev_private_subnet2",
      "provider": "provider[\"registry.terraform.io/hashicorp/aws\"]",
      "instances": [
        {
          "schema_version": 1,
          "attributes": {
            "arn": "arn:aws:ec2:ap-northeast-2:807380035085:subnet/subnet-09f654639dbe8ee59",
            "assign_ipv6_address_on_creation": false,
            "availability_zone": "ap-northeast-2c",
            "availability_zone_id": "apne2-az3",
            "cidr_block": "10.10.11.0/24",
            "customer_owned_ipv4_pool": "",
            "enable_dns64": false,
            "enable_resource_name_dns_a_record_on_launch": false,
            "enable_resource_name_dns_aaaa_record_on_launch": false,
            "id": "subnet-09f654639dbe8ee59",
            "ipv6_cidr_block": "",
            "ipv6_cidr_block_association_id": "",
            "ipv6_native": false,
            "map_customer_owned_ip_on_launch": false,
            "map_public_ip_on_launch": false,
            "outpost_arn": "",
            "owner_id": "807380035085",
            "private_dns_hostname_type_on_launch": "ip-name",
            "tags": {
              "Name": "private-subnet-az2",
              "kubernates.io/cluster/systems-eks-cluster": "shared"
            },
            "tags_all": {
              "Name": "private-subnet-az2",
              "kubernates.io/cluster/systems-eks-cluster": "shared"
            },
            "timeouts": null,
            "vpc_id": "vpc-0367b096a2158b36e"
          },
          "sensitive_attributes": [],
          "private": "eyJlMmJmYjczMC1lY2FhLTExZTYtOGY4OC0zNDM2M2JjN2M0YzAiOnsiY3JlYXRlIjo2MDAwMDAwMDAwMDAsImRlbGV0ZSI6MTIwMDAwMDAwMDAwMH0sInNjaGVtYV92ZXJzaW9uIjoiMSJ9",
          "dependencies": [
            "aws_vpc.systems_dev_vpc",
            "data.aws_availability_zones.available"
          ]
        }
      ]
    },
    {
      "mode": "managed",
      "type": "aws_subnet",
      "name": "systems_dev_public_subnet1",
      "provider": "provider[\"registry.terraform.io/hashicorp/aws\"]",
      "instances": [
        {
          "schema_version": 1,
          "attributes": {
            "arn": "arn:aws:ec2:ap-northeast-2:807380035085:subnet/subnet-0a5540ffeb86597f7",
            "assign_ipv6_address_on_creation": false,
            "availability_zone": "ap-northeast-2a",
            "availability_zone_id": "apne2-az1",
            "cidr_block": "10.10.1.0/24",
            "customer_owned_ipv4_pool": "",
            "enable_dns64": false,
            "enable_resource_name_dns_a_record_on_launch": false,
            "enable_resource_name_dns_aaaa_record_on_launch": false,
            "id": "subnet-0a5540ffeb86597f7",
            "ipv6_cidr_block": "",
            "ipv6_cidr_block_association_id": "",
            "ipv6_native": false,
            "map_customer_owned_ip_on_launch": false,
            "map_public_ip_on_launch": true,
            "outpost_arn": "",
            "owner_id": "807380035085",
            "private_dns_hostname_type_on_launch": "ip-name",
            "tags": {
              "Name": "public-subnet-az1",
              "kubernates.io/cluster/systems-eks-cluster": "shared"
            },
            "tags_all": {
              "Name": "public-subnet-az1",
              "kubernates.io/cluster/systems-eks-cluster": "shared"
            },
            "timeouts": null,
            "vpc_id": "vpc-0367b096a2158b36e"
          },
          "sensitive_attributes": [],
          "private": "eyJlMmJmYjczMC1lY2FhLTExZTYtOGY4OC0zNDM2M2JjN2M0YzAiOnsiY3JlYXRlIjo2MDAwMDAwMDAwMDAsImRlbGV0ZSI6MTIwMDAwMDAwMDAwMH0sInNjaGVtYV92ZXJzaW9uIjoiMSJ9",
          "dependencies": [
            "aws_vpc.systems_dev_vpc",
            "data.aws_availability_zones.available"
          ]
        }
      ]
    },
    {
      "mode": "managed",
      "type": "aws_subnet",
      "name": "systems_dev_public_subnet2",
      "provider": "provider[\"registry.terraform.io/hashicorp/aws\"]",
      "instances": [
        {
          "schema_version": 1,
          "attributes": {
            "arn": "arn:aws:ec2:ap-northeast-2:807380035085:subnet/subnet-0a443a2f557536e7f",
            "assign_ipv6_address_on_creation": false,
            "availability_zone": "ap-northeast-2c",
            "availability_zone_id": "apne2-az3",
            "cidr_block": "10.10.2.0/24",
            "customer_owned_ipv4_pool": "",
            "enable_dns64": false,
            "enable_resource_name_dns_a_record_on_launch": false,
            "enable_resource_name_dns_aaaa_record_on_launch": false,
            "id": "subnet-0a443a2f557536e7f",
            "ipv6_cidr_block": "",
            "ipv6_cidr_block_association_id": "",
            "ipv6_native": false,
            "map_customer_owned_ip_on_launch": false,
            "map_public_ip_on_launch": true,
            "outpost_arn": "",
            "owner_id": "807380035085",
            "private_dns_hostname_type_on_launch": "ip-name",
            "tags": {
              "Name": "public-subnet-az2",
              "kubernates.io/cluster/systems-eks-cluster": "shared"
            },
            "tags_all": {
              "Name": "public-subnet-az2",
              "kubernates.io/cluster/systems-eks-cluster": "shared"
            },
            "timeouts": null,
            "vpc_id": "vpc-0367b096a2158b36e"
          },
          "sensitive_attributes": [],
          "private": "eyJlMmJmYjczMC1lY2FhLTExZTYtOGY4OC0zNDM2M2JjN2M0YzAiOnsiY3JlYXRlIjo2MDAwMDAwMDAwMDAsImRlbGV0ZSI6MTIwMDAwMDAwMDAwMH0sInNjaGVtYV92ZXJzaW9uIjoiMSJ9",
          "dependencies": [
            "aws_vpc.systems_dev_vpc",
            "data.aws_availability_zones.available"
          ]
        }
      ]
    },
    {
      "mode": "managed",
      "type": "aws_vpc",
      "name": "systems_dev_vpc",
      "provider": "provider[\"registry.terraform.io/hashicorp/aws\"]",
      "instances": [
        {
          "schema_version": 1,
          "attributes": {
            "arn": "arn:aws:ec2:ap-northeast-2:807380035085:vpc/vpc-0367b096a2158b36e",
            "assign_generated_ipv6_cidr_block": false,
            "cidr_block": "10.10.0.0/16",
            "default_network_acl_id": "acl-0d9f9be26756b950d",
            "default_route_table_id": "rtb-018f0bd1c2ebc0653",
            "default_security_group_id": "sg-05c3a73dbd9236cfc",
            "dhcp_options_id": "dopt-08f9f747b5b5d6bed",
            "enable_classiclink": false,
            "enable_classiclink_dns_support": false,
            "enable_dns_hostnames": true,
            "enable_dns_support": true,
            "id": "vpc-0367b096a2158b36e",
            "instance_tenancy": "default",
            "ipv4_ipam_pool_id": null,
            "ipv4_netmask_length": null,
            "ipv6_association_id": "",
            "ipv6_cidr_block": "",
            "ipv6_cidr_block_network_border_group": "",
            "ipv6_ipam_pool_id": "",
            "ipv6_netmask_length": 0,
            "main_route_table_id": "rtb-018f0bd1c2ebc0653",
            "owner_id": "807380035085",
            "tags": {
              "Name": "BithumbSystems Dev VPC",
              "kubernates.io/cluster/systems-eks-cluster": "shared"
            },
            "tags_all": {
              "Name": "BithumbSystems Dev VPC",
              "kubernates.io/cluster/systems-eks-cluster": "shared"
            }
          },
          "sensitive_attributes": [],
          "private": "eyJzY2hlbWFfdmVyc2lvbiI6IjEifQ=="
        }
      ]
    }
  ]
}
